Microsoft Visual Studio Solution File, Format Version 12.00
# Visual Studio Version 17
VisualStudioVersion = 17.5.2.0
MinimumVisualStudioVersion = 10.0.40219.1
Project("{2150E333-8FDC-42A3-9474-1A3956D46DE8}") = "dotnet", "dotnet", "{71E6E750-85FD-B5BC-4321-E01377EC6231}"
EndProject
Project("{2150E333-8FDC-42A3-9474-1A3956D46DE8}") = "src", "src", "{D90AB541-7400-80B1-A0B4-F58D0D439F55}"
EndProject
Project("{FAE04EC0-301F-11D3-BF4B-00C04F79EFBC}") = "Sharpy.Tests", "dotnet\src\Sharpy.Tests\Sharpy.Tests.csproj", "{EAAB7546-B30B-DA4F-82F2-D7BA7F9A6671}"
EndProject
Project("{FAE04EC0-301F-11D3-BF4B-00C04F79EFBC}") = "Sharpy", "dotnet\src\Sharpy\Sharpy.csproj", "{4A7D9E73-10DE-08BD-A352-592E024559C9}"
EndProject
Global
	GlobalSection(SolutionConfigurationPlatforms) = preSolution
		Debug|Any CPU = Debug|Any CPU
		Release|Any CPU = Release|Any CPU
	EndGlobalSection
	GlobalSection(ProjectConfigurationPlatforms) = postSolution
		{EAAB7546-B30B-DA4F-82F2-D7BA7F9A6671}.Debug|Any CPU.ActiveCfg = Debug|Any CPU
		{EAAB7546-B30B-DA4F-82F2-D7BA7F9A6671}.Debug|Any CPU.Build.0 = Debug|Any CPU
		{EAAB7546-B30B-DA4F-82F2-D7BA7F9A6671}.Release|Any CPU.ActiveCfg = Release|Any CPU
		{EAAB7546-B30B-DA4F-82F2-D7BA7F9A6671}.Release|Any CPU.Build.0 = Release|Any CPU
		{4A7D9E73-10DE-08BD-A352-592E024559C9}.Debug|Any CPU.ActiveCfg = Debug|Any CPU
		{4A7D9E73-10DE-08BD-A352-592E024559C9}.Debug|Any CPU.Build.0 = Debug|Any CPU
		{4A7D9E73-10DE-08BD-A352-592E024559C9}.Release|Any CPU.ActiveCfg = Release|Any CPU
		{4A7D9E73-10DE-08BD-A352-592E024559C9}.Release|Any CPU.Build.0 = Release|Any CPU
	EndGlobalSection
	GlobalSection(SolutionProperties) = preSolution
		HideSolutionNode = FALSE
	EndGlobalSection
	GlobalSection(NestedProjects) = preSolution
		{D90AB541-7400-80B1-A0B4-F58D0D439F55} = {71E6E750-85FD-B5BC-4321-E01377EC6231}
		{EAAB7546-B30B-DA4F-82F2-D7BA7F9A6671} = {D90AB541-7400-80B1-A0B4-F58D0D439F55}
		{4A7D9E73-10DE-08BD-A352-592E024559C9} = {D90AB541-7400-80B1-A0B4-F58D0D439F55}
	EndGlobalSection
	GlobalSection(ExtensibilityGlobals) = postSolution
		SolutionGuid = {8D43F32B-3567-4C8C-B35A-B5C795A121D4}
	EndGlobalSection
EndGlobal
