
Microsoft Visual Studio Solution File, Format Version 12.00
# Visual Studio Version 17
VisualStudioVersion = 17.0.31903.59
MinimumVisualStudioVersion = 10.0.40219.1
Project("{2150E333-8FDC-42A3-9474-1A3956D46DE8}") = "src", "src", "{3B92A21E-F75D-4750-9B0E-BBEBCDE8932A}"
EndProject
Project("{FAE04EC0-301F-11D3-BF4B-00C04F79EFBC}") = "Sharpy.Cli", "src\Sharpy.Cli\Sharpy.Cli.csproj", "{8827BB8D-6BEE-4BDE-8781-56D498224CFD}"
EndProject
Project("{FAE04EC0-301F-11D3-BF4B-00C04F79EFBC}") = "Sharpy.Compiler.Tests", "src\Sharpy.Compiler.Tests\Sharpy.Compiler.Tests.csproj", "{60F167EE-CCF7-4E5C-9E5D-CD753008089E}"
EndProject
Project("{FAE04EC0-301F-11D3-BF4B-00C04F79EFBC}") = "Sharpy.Compiler", "src\Sharpy.Compiler\Sharpy.Compiler.csproj", "{69B7E74E-49FD-4EFB-B30F-20588DC06F42}"
EndProject
Project("{FAE04EC0-301F-11D3-BF4B-00C04F79EFBC}") = "Sharpy.Core.Tests", "src\Sharpy.Core.Tests\Sharpy.Core.Tests.csproj", "{D30F2526-100C-4A74-9A06-8F98F5972866}"
EndProject
Project("{FAE04EC0-301F-11D3-BF4B-00C04F79EFBC}") = "Sharpy.Core", "src\Sharpy.Core\Sharpy.Core.csproj", "{18026D63-5C02-432E-B9BF-C0A5426B6BF9}"
EndProject
Project("{FAE04EC0-301F-11D3-BF4B-00C04F79EFBC}") = "Sharpy.Compiler.Benchmarks", "src\Sharpy.Compiler.Benchmarks\Sharpy.Compiler.Benchmarks.csproj", "{ED3BD70D-21EB-4FEA-91F8-CCBD35B10CA8}"
EndProject
Project("{FAE04EC0-301F-11D3-BF4B-00C04F79EFBC}") = "Sharpy.Lsp", "src\Sharpy.Lsp\Sharpy.Lsp.csproj", "{E698A27E-C4E7-463F-B176-3C64DB3F154A}"
EndProject
Project("{FAE04EC0-301F-11D3-BF4B-00C04F79EFBC}") = "Sharpy.Lsp.Tests", "src\Sharpy.Lsp.Tests\Sharpy.Lsp.Tests.csproj", "{900D1250-85DA-4D97-942D-2E0E7A66B976}"
EndProject
Project("{FAE04EC0-301F-11D3-BF4B-00C04F79EFBC}") = "Sharpy.Playground", "src\Sharpy.Playground\Sharpy.Playground.csproj", "{0E4D88D7-8648-4C8D-8C76-1D5901D48431}"
EndProject
Project("{FAE04EC0-301F-11D3-BF4B-00C04F79EFBC}") = "Sharpy.Stdlib", "src\Sharpy.Stdlib\Sharpy.Stdlib.csproj", "{D183E43D-D7CF-4405-AC25-0E62ED43E8C2}"
EndProject
Project("{FAE04EC0-301F-11D3-BF4B-00C04F79EFBC}") = "Sharpy.Stdlib.Tests", "src\Sharpy.Stdlib.Tests\Sharpy.Stdlib.Tests.csproj", "{ABED645E-46E6-4289-A825-CC08F7FCE40D}"
EndProject
Project("{FAE04EC0-301F-11D3-BF4B-00C04F79EFBC}") = "Sharpy.TestInfrastructure", "src\Sharpy.TestInfrastructure\Sharpy.TestInfrastructure.csproj", "{82CDD688-83DB-449F-BC45-180B7CA208A9}"
EndProject
Project("{2150E333-8FDC-42A3-9474-1A3956D46DE8}") = "Stdlib.Modules", "Stdlib.Modules", "{AD9C0489-1F5C-A63C-EDC4-9804630F0C71}"
EndProject
Project("{FAE04EC0-301F-11D3-BF4B-00C04F79EFBC}") = "Sharpy.Stdlib.Argparse", "src\Sharpy.Stdlib\modules\Sharpy.Stdlib.Argparse.csproj", "{45BDE137-2A63-40EA-971A-5A3C2D4CA187}"
EndProject
Project("{FAE04EC0-301F-11D3-BF4B-00C04F79EFBC}") = "Sharpy.Stdlib.Bisect", "src\Sharpy.Stdlib\modules\Sharpy.Stdlib.Bisect.csproj", "{A7CD79DF-7F78-4789-B4E3-59E932B35844}"
EndProject
Project("{FAE04EC0-301F-11D3-BF4B-00C04F79EFBC}") = "Sharpy.Stdlib.Collections", "src\Sharpy.Stdlib\modules\Sharpy.Stdlib.Collections.csproj", "{5876F91E-CA3F-4EC9-8196-E4703B5FD1C1}"
EndProject
Project("{FAE04EC0-301F-11D3-BF4B-00C04F79EFBC}") = "Sharpy.Stdlib.Csv", "src\Sharpy.Stdlib\modules\Sharpy.Stdlib.Csv.csproj", "{9E4B62AC-FB21-4472-B030-B7184C73AC71}"
EndProject
Project("{FAE04EC0-301F-11D3-BF4B-00C04F79EFBC}") = "Sharpy.Stdlib.Datetime", "src\Sharpy.Stdlib\modules\Sharpy.Stdlib.Datetime.csproj", "{CC29C5F6-0305-4C2E-B17F-E610CBB23215}"
EndProject
Project("{FAE04EC0-301F-11D3-BF4B-00C04F79EFBC}") = "Sharpy.Stdlib.Fnmatch", "src\Sharpy.Stdlib\modules\Sharpy.Stdlib.Fnmatch.csproj", "{D4614814-D2D2-4750-A2D7-C11DDC988B40}"
EndProject
Project("{FAE04EC0-301F-11D3-BF4B-00C04F79EFBC}") = "Sharpy.Stdlib.Functools", "src\Sharpy.Stdlib\modules\Sharpy.Stdlib.Functools.csproj", "{E2CEEEB7-49E1-48CD-B7AE-1C931A959BAB}"
EndProject
Project("{FAE04EC0-301F-11D3-BF4B-00C04F79EFBC}") = "Sharpy.Stdlib.Glob", "src\Sharpy.Stdlib\modules\Sharpy.Stdlib.Glob.csproj", "{0F2A94F0-C445-4B51-8A1A-EB5C0101FEED}"
EndProject
Project("{FAE04EC0-301F-11D3-BF4B-00C04F79EFBC}") = "Sharpy.Stdlib.Grapheme", "src\Sharpy.Stdlib\modules\Sharpy.Stdlib.Grapheme.csproj", "{700C0C59-C4C0-4D94-B135-866D45AC869A}"
EndProject
Project("{FAE04EC0-301F-11D3-BF4B-00C04F79EFBC}") = "Sharpy.Stdlib.Hashlib", "src\Sharpy.Stdlib\modules\Sharpy.Stdlib.Hashlib.csproj", "{4DD48783-CC8D-484D-A0B7-3B9CF440F4DE}"
EndProject
Project("{FAE04EC0-301F-11D3-BF4B-00C04F79EFBC}") = "Sharpy.Stdlib.Heapq", "src\Sharpy.Stdlib\modules\Sharpy.Stdlib.Heapq.csproj", "{738853BE-4D2E-4B48-9522-6F57CCC9E3D3}"
EndProject
Project("{FAE04EC0-301F-11D3-BF4B-00C04F79EFBC}") = "Sharpy.Stdlib.Io", "src\Sharpy.Stdlib\modules\Sharpy.Stdlib.Io.csproj", "{13328369-C474-46CF-BF54-9D42F97592BE}"
EndProject
Project("{FAE04EC0-301F-11D3-BF4B-00C04F79EFBC}") = "Sharpy.Stdlib.Itertools", "src\Sharpy.Stdlib\modules\Sharpy.Stdlib.Itertools.csproj", "{7D2B0F94-0C0B-467B-B90C-3C819440F9CB}"
EndProject
Project("{FAE04EC0-301F-11D3-BF4B-00C04F79EFBC}") = "Sharpy.Stdlib.Json", "src\Sharpy.Stdlib\modules\Sharpy.Stdlib.Json.csproj", "{7C017591-F633-411B-A071-13720C01A878}"
EndProject
Project("{FAE04EC0-301F-11D3-BF4B-00C04F79EFBC}") = "Sharpy.Stdlib.Logging", "src\Sharpy.Stdlib\modules\Sharpy.Stdlib.Logging.csproj", "{B2D1C7C3-FCBE-494E-985C-3DF63C8044E1}"
EndProject
Project("{FAE04EC0-301F-11D3-BF4B-00C04F79EFBC}") = "Sharpy.Stdlib.Math", "src\Sharpy.Stdlib\modules\Sharpy.Stdlib.Math.csproj", "{DE5E69D5-F627-413E-905A-DD96D6991A31}"
EndProject
Project("{FAE04EC0-301F-11D3-BF4B-00C04F79EFBC}") = "Sharpy.Stdlib.Numpy", "src\Sharpy.Stdlib\modules\Sharpy.Stdlib.Numpy.csproj", "{90DA7E1E-CB15-432F-A1DC-0D42D0509B7F}"
EndProject
Project("{FAE04EC0-301F-11D3-BF4B-00C04F79EFBC}") = "Sharpy.Stdlib.Os", "src\Sharpy.Stdlib\modules\Sharpy.Stdlib.Os.csproj", "{C7BAE572-11D6-43ED-8DF1-57BD72B37C31}"
EndProject
Project("{FAE04EC0-301F-11D3-BF4B-00C04F79EFBC}") = "Sharpy.Stdlib.Pathlib", "src\Sharpy.Stdlib\modules\Sharpy.Stdlib.Pathlib.csproj", "{0EEE2C35-34A3-4AEB-8EB8-FA58E48B97F3}"
EndProject
Project("{FAE04EC0-301F-11D3-BF4B-00C04F79EFBC}") = "Sharpy.Stdlib.Random", "src\Sharpy.Stdlib\modules\Sharpy.Stdlib.Random.csproj", "{DEC0C39E-08C6-44E7-8BA3-38D87C675EF2}"
EndProject
Project("{FAE04EC0-301F-11D3-BF4B-00C04F79EFBC}") = "Sharpy.Stdlib.Re", "src\Sharpy.Stdlib\modules\Sharpy.Stdlib.Re.csproj", "{2C7B41F0-8EA6-4A1F-96F3-D62F9083FC44}"
EndProject
Project("{FAE04EC0-301F-11D3-BF4B-00C04F79EFBC}") = "Sharpy.Stdlib.Requests", "src\Sharpy.Stdlib\modules\Sharpy.Stdlib.Requests.csproj", "{0B6A6400-B40B-42BF-8B17-82CF2B8A175C}"
EndProject
Project("{FAE04EC0-301F-11D3-BF4B-00C04F79EFBC}") = "Sharpy.Stdlib.Shutil", "src\Sharpy.Stdlib\modules\Sharpy.Stdlib.Shutil.csproj", "{D76F47AB-DCBF-4223-BF61-8650FECB5F2C}"
EndProject
Project("{FAE04EC0-301F-11D3-BF4B-00C04F79EFBC}") = "Sharpy.Stdlib.Sqlite3", "src\Sharpy.Stdlib\modules\Sharpy.Stdlib.Sqlite3.csproj", "{E88AED45-C333-45E3-8C28-BBEC5BF0B340}"
EndProject
Project("{FAE04EC0-301F-11D3-BF4B-00C04F79EFBC}") = "Sharpy.Stdlib.Statistics", "src\Sharpy.Stdlib\modules\Sharpy.Stdlib.Statistics.csproj", "{F3799FAA-B999-45F7-AA05-C342FC1CC757}"
EndProject
Project("{FAE04EC0-301F-11D3-BF4B-00C04F79EFBC}") = "Sharpy.Stdlib.String", "src\Sharpy.Stdlib\modules\Sharpy.Stdlib.String.csproj", "{56D686EA-9B7F-458C-AA2A-EB606E6D6F63}"
EndProject
Project("{FAE04EC0-301F-11D3-BF4B-00C04F79EFBC}") = "Sharpy.Stdlib.Sys", "src\Sharpy.Stdlib\modules\Sharpy.Stdlib.Sys.csproj", "{D4429B8E-84AE-4E02-8625-296ACBD960F0}"
EndProject
Project("{FAE04EC0-301F-11D3-BF4B-00C04F79EFBC}") = "Sharpy.Stdlib.Tempfile", "src\Sharpy.Stdlib\modules\Sharpy.Stdlib.Tempfile.csproj", "{B5D31EB7-FD8F-4000-875D-18B48C94579D}"
EndProject
Project("{FAE04EC0-301F-11D3-BF4B-00C04F79EFBC}") = "Sharpy.Stdlib.Textwrap", "src\Sharpy.Stdlib\modules\Sharpy.Stdlib.Textwrap.csproj", "{9922640D-7054-4B26-9F4D-3461A11B7C62}"
EndProject
Project("{FAE04EC0-301F-11D3-BF4B-00C04F79EFBC}") = "Sharpy.Stdlib.Time", "src\Sharpy.Stdlib\modules\Sharpy.Stdlib.Time.csproj", "{B03BF44E-B207-4327-BE10-E4D4570F854D}"
EndProject
Project("{FAE04EC0-301F-11D3-BF4B-00C04F79EFBC}") = "Sharpy.Stdlib.Unittest", "src\Sharpy.Stdlib\modules\Sharpy.Stdlib.Unittest.csproj", "{343A5172-94AF-4BE5-AEBF-5212FA8B9E63}"
EndProject
Project("{FAE04EC0-301F-11D3-BF4B-00C04F79EFBC}") = "Sharpy.Cli.Tests", "src\Sharpy.Cli.Tests\Sharpy.Cli.Tests.csproj", "{70AD476D-5670-4E8C-9B61-43F07788708E}"
EndProject
Project("{FAE04EC0-301F-11D3-BF4B-00C04F79EFBC}") = "Sharpy.Stdlib.Secrets", "src\Sharpy.Stdlib\modules\Sharpy.Stdlib.Secrets.csproj", "{E28C22AA-A70C-4495-B8DF-6E086352ECE3}"
EndProject
Project("{FAE04EC0-301F-11D3-BF4B-00C04F79EFBC}") = "Sharpy.Stdlib.Base64", "src\Sharpy.Stdlib\modules\Sharpy.Stdlib.Base64.csproj", "{2315D0AA-EA2E-4C6E-9A96-B28A4766B4FE}"
EndProject
Project("{FAE04EC0-301F-11D3-BF4B-00C04F79EFBC}") = "Sharpy.Stdlib.Uuid", "src\Sharpy.Stdlib\modules\Sharpy.Stdlib.Uuid.csproj", "{393DEB0B-FCB7-41E9-AE44-F0073160DBD1}"
EndProject
Project("{FAE04EC0-301F-11D3-BF4B-00C04F79EFBC}") = "Sharpy.Stdlib.Hmac", "src\Sharpy.Stdlib\modules\Sharpy.Stdlib.Hmac.csproj", "{392B059C-F26D-4F3C-92B2-E29F8C453205}"
EndProject
Project("{2150E333-8FDC-42A3-9474-1A3956D46DE8}") = "Stdlib", "Stdlib", "{6FB98118-D0CA-4944-436F-F1379A42DFAD}"
EndProject
Project("{FAE04EC0-301F-11D3-BF4B-00C04F79EFBC}") = "Sharpy.Stdlib.Platform", "src\Sharpy.Stdlib\modules\Sharpy.Stdlib.Platform.csproj", "{3ED5C21F-7F8B-4AA4-8A71-5FB12797902F}"
EndProject
Project("{FAE04EC0-301F-11D3-BF4B-00C04F79EFBC}") = "Sharpy.Stdlib.Urllib", "src\Sharpy.Stdlib\modules\Sharpy.Stdlib.Urllib.csproj", "{0A5290A1-E42E-4677-BF09-B4AA141FD056}"
EndProject
Project("{FAE04EC0-301F-11D3-BF4B-00C04F79EFBC}") = "Sharpy.Stdlib.Struct", "src\Sharpy.Stdlib\modules\Sharpy.Stdlib.Struct.csproj", "{A8EFED7B-6B5E-4A67-AA0C-C3937C735E3C}"
EndProject
Global
	GlobalSection(SolutionConfigurationPlatforms) = preSolution
		Debug|Any CPU = Debug|Any CPU
		Debug|x64 = Debug|x64
		Debug|x86 = Debug|x86
		Release|Any CPU = Release|Any CPU
		Release|x64 = Release|x64
		Release|x86 = Release|x86
	EndGlobalSection
	GlobalSection(ProjectConfigurationPlatforms) = postSolution
		{8827BB8D-6BEE-4BDE-8781-56D498224CFD}.Debug|Any CPU.ActiveCfg = Debug|Any CPU
		{8827BB8D-6BEE-4BDE-8781-56D498224CFD}.Debug|Any CPU.Build.0 = Debug|Any CPU
		{8827BB8D-6BEE-4BDE-8781-56D498224CFD}.Debug|x64.ActiveCfg = Debug|Any CPU
		{8827BB8D-6BEE-4BDE-8781-56D498224CFD}.Debug|x64.Build.0 = Debug|Any CPU
		{8827BB8D-6BEE-4BDE-8781-56D498224CFD}.Debug|x86.ActiveCfg = Debug|Any CPU
		{8827BB8D-6BEE-4BDE-8781-56D498224CFD}.Debug|x86.Build.0 = Debug|Any CPU
		{8827BB8D-6BEE-4BDE-8781-56D498224CFD}.Release|Any CPU.ActiveCfg = Release|Any CPU
		{8827BB8D-6BEE-4BDE-8781-56D498224CFD}.Release|Any CPU.Build.0 = Release|Any CPU
		{8827BB8D-6BEE-4BDE-8781-56D498224CFD}.Release|x64.ActiveCfg = Release|Any CPU
		{8827BB8D-6BEE-4BDE-8781-56D498224CFD}.Release|x64.Build.0 = Release|Any CPU
		{8827BB8D-6BEE-4BDE-8781-56D498224CFD}.Release|x86.ActiveCfg = Release|Any CPU
		{8827BB8D-6BEE-4BDE-8781-56D498224CFD}.Release|x86.Build.0 = Release|Any CPU
		{60F167EE-CCF7-4E5C-9E5D-CD753008089E}.Debug|Any CPU.ActiveCfg = Debug|Any CPU
		{60F167EE-CCF7-4E5C-9E5D-CD753008089E}.Debug|Any CPU.Build.0 = Debug|Any CPU
		{60F167EE-CCF7-4E5C-9E5D-CD753008089E}.Debug|x64.ActiveCfg = Debug|Any CPU
		{60F167EE-CCF7-4E5C-9E5D-CD753008089E}.Debug|x64.Build.0 = Debug|Any CPU
		{60F167EE-CCF7-4E5C-9E5D-CD753008089E}.Debug|x86.ActiveCfg = Debug|Any CPU
		{60F167EE-CCF7-4E5C-9E5D-CD753008089E}.Debug|x86.Build.0 = Debug|Any CPU
		{60F167EE-CCF7-4E5C-9E5D-CD753008089E}.Release|Any CPU.ActiveCfg = Release|Any CPU
		{60F167EE-CCF7-4E5C-9E5D-CD753008089E}.Release|Any CPU.Build.0 = Release|Any CPU
		{60F167EE-CCF7-4E5C-9E5D-CD753008089E}.Release|x64.ActiveCfg = Release|Any CPU
		{60F167EE-CCF7-4E5C-9E5D-CD753008089E}.Release|x64.Build.0 = Release|Any CPU
		{60F167EE-CCF7-4E5C-9E5D-CD753008089E}.Release|x86.ActiveCfg = Release|Any CPU
		{60F167EE-CCF7-4E5C-9E5D-CD753008089E}.Release|x86.Build.0 = Release|Any CPU
		{69B7E74E-49FD-4EFB-B30F-20588DC06F42}.Debug|Any CPU.ActiveCfg = Debug|Any CPU
		{69B7E74E-49FD-4EFB-B30F-20588DC06F42}.Debug|Any CPU.Build.0 = Debug|Any CPU
		{69B7E74E-49FD-4EFB-B30F-20588DC06F42}.Debug|x64.ActiveCfg = Debug|Any CPU
		{69B7E74E-49FD-4EFB-B30F-20588DC06F42}.Debug|x64.Build.0 = Debug|Any CPU
		{69B7E74E-49FD-4EFB-B30F-20588DC06F42}.Debug|x86.ActiveCfg = Debug|Any CPU
		{69B7E74E-49FD-4EFB-B30F-20588DC06F42}.Debug|x86.Build.0 = Debug|Any CPU
		{69B7E74E-49FD-4EFB-B30F-20588DC06F42}.Release|Any CPU.ActiveCfg = Release|Any CPU
		{69B7E74E-49FD-4EFB-B30F-20588DC06F42}.Release|Any CPU.Build.0 = Release|Any CPU
		{69B7E74E-49FD-4EFB-B30F-20588DC06F42}.Release|x64.ActiveCfg = Release|Any CPU
		{69B7E74E-49FD-4EFB-B30F-20588DC06F42}.Release|x64.Build.0 = Release|Any CPU
		{69B7E74E-49FD-4EFB-B30F-20588DC06F42}.Release|x86.ActiveCfg = Release|Any CPU
		{69B7E74E-49FD-4EFB-B30F-20588DC06F42}.Release|x86.Build.0 = Release|Any CPU
		{D30F2526-100C-4A74-9A06-8F98F5972866}.Debug|Any CPU.ActiveCfg = Debug|Any CPU
		{D30F2526-100C-4A74-9A06-8F98F5972866}.Debug|Any CPU.Build.0 = Debug|Any CPU
		{D30F2526-100C-4A74-9A06-8F98F5972866}.Debug|x64.ActiveCfg = Debug|Any CPU
		{D30F2526-100C-4A74-9A06-8F98F5972866}.Debug|x64.Build.0 = Debug|Any CPU
		{D30F2526-100C-4A74-9A06-8F98F5972866}.Debug|x86.ActiveCfg = Debug|Any CPU
		{D30F2526-100C-4A74-9A06-8F98F5972866}.Debug|x86.Build.0 = Debug|Any CPU
		{D30F2526-100C-4A74-9A06-8F98F5972866}.Release|Any CPU.ActiveCfg = Release|Any CPU
		{D30F2526-100C-4A74-9A06-8F98F5972866}.Release|Any CPU.Build.0 = Release|Any CPU
		{D30F2526-100C-4A74-9A06-8F98F5972866}.Release|x64.ActiveCfg = Release|Any CPU
		{D30F2526-100C-4A74-9A06-8F98F5972866}.Release|x64.Build.0 = Release|Any CPU
		{D30F2526-100C-4A74-9A06-8F98F5972866}.Release|x86.ActiveCfg = Release|Any CPU
		{D30F2526-100C-4A74-9A06-8F98F5972866}.Release|x86.Build.0 = Release|Any CPU
		{18026D63-5C02-432E-B9BF-C0A5426B6BF9}.Debug|Any CPU.ActiveCfg = Debug|Any CPU
		{18026D63-5C02-432E-B9BF-C0A5426B6BF9}.Debug|Any CPU.Build.0 = Debug|Any CPU
		{18026D63-5C02-432E-B9BF-C0A5426B6BF9}.Debug|x64.ActiveCfg = Debug|Any CPU
		{18026D63-5C02-432E-B9BF-C0A5426B6BF9}.Debug|x64.Build.0 = Debug|Any CPU
		{18026D63-5C02-432E-B9BF-C0A5426B6BF9}.Debug|x86.ActiveCfg = Debug|Any CPU
		{18026D63-5C02-432E-B9BF-C0A5426B6BF9}.Debug|x86.Build.0 = Debug|Any CPU
		{18026D63-5C02-432E-B9BF-C0A5426B6BF9}.Release|Any CPU.ActiveCfg = Release|Any CPU
		{18026D63-5C02-432E-B9BF-C0A5426B6BF9}.Release|Any CPU.Build.0 = Release|Any CPU
		{18026D63-5C02-432E-B9BF-C0A5426B6BF9}.Release|x64.ActiveCfg = Release|Any CPU
		{18026D63-5C02-432E-B9BF-C0A5426B6BF9}.Release|x64.Build.0 = Release|Any CPU
		{18026D63-5C02-432E-B9BF-C0A5426B6BF9}.Release|x86.ActiveCfg = Release|Any CPU
		{18026D63-5C02-432E-B9BF-C0A5426B6BF9}.Release|x86.Build.0 = Release|Any CPU
		{ED3BD70D-21EB-4FEA-91F8-CCBD35B10CA8}.Debug|Any CPU.ActiveCfg = Debug|Any CPU
		{ED3BD70D-21EB-4FEA-91F8-CCBD35B10CA8}.Debug|Any CPU.Build.0 = Debug|Any CPU
		{ED3BD70D-21EB-4FEA-91F8-CCBD35B10CA8}.Debug|x64.ActiveCfg = Debug|Any CPU
		{ED3BD70D-21EB-4FEA-91F8-CCBD35B10CA8}.Debug|x64.Build.0 = Debug|Any CPU
		{ED3BD70D-21EB-4FEA-91F8-CCBD35B10CA8}.Debug|x86.ActiveCfg = Debug|Any CPU
		{ED3BD70D-21EB-4FEA-91F8-CCBD35B10CA8}.Debug|x86.Build.0 = Debug|Any CPU
		{ED3BD70D-21EB-4FEA-91F8-CCBD35B10CA8}.Release|Any CPU.ActiveCfg = Release|Any CPU
		{ED3BD70D-21EB-4FEA-91F8-CCBD35B10CA8}.Release|Any CPU.Build.0 = Release|Any CPU
		{ED3BD70D-21EB-4FEA-91F8-CCBD35B10CA8}.Release|x64.ActiveCfg = Release|Any CPU
		{ED3BD70D-21EB-4FEA-91F8-CCBD35B10CA8}.Release|x64.Build.0 = Release|Any CPU
		{ED3BD70D-21EB-4FEA-91F8-CCBD35B10CA8}.Release|x86.ActiveCfg = Release|Any CPU
		{ED3BD70D-21EB-4FEA-91F8-CCBD35B10CA8}.Release|x86.Build.0 = Release|Any CPU
		{E698A27E-C4E7-463F-B176-3C64DB3F154A}.Debug|Any CPU.ActiveCfg = Debug|Any CPU
		{E698A27E-C4E7-463F-B176-3C64DB3F154A}.Debug|Any CPU.Build.0 = Debug|Any CPU
		{E698A27E-C4E7-463F-B176-3C64DB3F154A}.Debug|x64.ActiveCfg = Debug|Any CPU
		{E698A27E-C4E7-463F-B176-3C64DB3F154A}.Debug|x64.Build.0 = Debug|Any CPU
		{E698A27E-C4E7-463F-B176-3C64DB3F154A}.Debug|x86.ActiveCfg = Debug|Any CPU
		{E698A27E-C4E7-463F-B176-3C64DB3F154A}.Debug|x86.Build.0 = Debug|Any CPU
		{E698A27E-C4E7-463F-B176-3C64DB3F154A}.Release|Any CPU.ActiveCfg = Release|Any CPU
		{E698A27E-C4E7-463F-B176-3C64DB3F154A}.Release|Any CPU.Build.0 = Release|Any CPU
		{E698A27E-C4E7-463F-B176-3C64DB3F154A}.Release|x64.ActiveCfg = Release|Any CPU
		{E698A27E-C4E7-463F-B176-3C64DB3F154A}.Release|x64.Build.0 = Release|Any CPU
		{E698A27E-C4E7-463F-B176-3C64DB3F154A}.Release|x86.ActiveCfg = Release|Any CPU
		{E698A27E-C4E7-463F-B176-3C64DB3F154A}.Release|x86.Build.0 = Release|Any CPU
		{900D1250-85DA-4D97-942D-2E0E7A66B976}.Debug|Any CPU.ActiveCfg = Debug|Any CPU
		{900D1250-85DA-4D97-942D-2E0E7A66B976}.Debug|Any CPU.Build.0 = Debug|Any CPU
		{900D1250-85DA-4D97-942D-2E0E7A66B976}.Debug|x64.ActiveCfg = Debug|Any CPU
		{900D1250-85DA-4D97-942D-2E0E7A66B976}.Debug|x64.Build.0 = Debug|Any CPU
		{900D1250-85DA-4D97-942D-2E0E7A66B976}.Debug|x86.ActiveCfg = Debug|Any CPU
		{900D1250-85DA-4D97-942D-2E0E7A66B976}.Debug|x86.Build.0 = Debug|Any CPU
		{900D1250-85DA-4D97-942D-2E0E7A66B976}.Release|Any CPU.ActiveCfg = Release|Any CPU
		{900D1250-85DA-4D97-942D-2E0E7A66B976}.Release|Any CPU.Build.0 = Release|Any CPU
		{900D1250-85DA-4D97-942D-2E0E7A66B976}.Release|x64.ActiveCfg = Release|Any CPU
		{900D1250-85DA-4D97-942D-2E0E7A66B976}.Release|x64.Build.0 = Release|Any CPU
		{900D1250-85DA-4D97-942D-2E0E7A66B976}.Release|x86.ActiveCfg = Release|Any CPU
		{900D1250-85DA-4D97-942D-2E0E7A66B976}.Release|x86.Build.0 = Release|Any CPU
		{0E4D88D7-8648-4C8D-8C76-1D5901D48431}.Debug|Any CPU.ActiveCfg = Debug|Any CPU
		{0E4D88D7-8648-4C8D-8C76-1D5901D48431}.Debug|Any CPU.Build.0 = Debug|Any CPU
		{0E4D88D7-8648-4C8D-8C76-1D5901D48431}.Debug|x64.ActiveCfg = Debug|Any CPU
		{0E4D88D7-8648-4C8D-8C76-1D5901D48431}.Debug|x64.Build.0 = Debug|Any CPU
		{0E4D88D7-8648-4C8D-8C76-1D5901D48431}.Debug|x86.ActiveCfg = Debug|Any CPU
		{0E4D88D7-8648-4C8D-8C76-1D5901D48431}.Debug|x86.Build.0 = Debug|Any CPU
		{0E4D88D7-8648-4C8D-8C76-1D5901D48431}.Release|Any CPU.ActiveCfg = Release|Any CPU
		{0E4D88D7-8648-4C8D-8C76-1D5901D48431}.Release|Any CPU.Build.0 = Release|Any CPU
		{0E4D88D7-8648-4C8D-8C76-1D5901D48431}.Release|x64.ActiveCfg = Release|Any CPU
		{0E4D88D7-8648-4C8D-8C76-1D5901D48431}.Release|x64.Build.0 = Release|Any CPU
		{0E4D88D7-8648-4C8D-8C76-1D5901D48431}.Release|x86.ActiveCfg = Release|Any CPU
		{0E4D88D7-8648-4C8D-8C76-1D5901D48431}.Release|x86.Build.0 = Release|Any CPU
		{D183E43D-D7CF-4405-AC25-0E62ED43E8C2}.Debug|Any CPU.ActiveCfg = Debug|Any CPU
		{D183E43D-D7CF-4405-AC25-0E62ED43E8C2}.Debug|Any CPU.Build.0 = Debug|Any CPU
		{D183E43D-D7CF-4405-AC25-0E62ED43E8C2}.Debug|x64.ActiveCfg = Debug|Any CPU
		{D183E43D-D7CF-4405-AC25-0E62ED43E8C2}.Debug|x64.Build.0 = Debug|Any CPU
		{D183E43D-D7CF-4405-AC25-0E62ED43E8C2}.Debug|x86.ActiveCfg = Debug|Any CPU
		{D183E43D-D7CF-4405-AC25-0E62ED43E8C2}.Debug|x86.Build.0 = Debug|Any CPU
		{D183E43D-D7CF-4405-AC25-0E62ED43E8C2}.Release|Any CPU.ActiveCfg = Release|Any CPU
		{D183E43D-D7CF-4405-AC25-0E62ED43E8C2}.Release|Any CPU.Build.0 = Release|Any CPU
		{D183E43D-D7CF-4405-AC25-0E62ED43E8C2}.Release|x64.ActiveCfg = Release|Any CPU
		{D183E43D-D7CF-4405-AC25-0E62ED43E8C2}.Release|x64.Build.0 = Release|Any CPU
		{D183E43D-D7CF-4405-AC25-0E62ED43E8C2}.Release|x86.ActiveCfg = Release|Any CPU
		{D183E43D-D7CF-4405-AC25-0E62ED43E8C2}.Release|x86.Build.0 = Release|Any CPU
		{ABED645E-46E6-4289-A825-CC08F7FCE40D}.Debug|Any CPU.ActiveCfg = Debug|Any CPU
		{ABED645E-46E6-4289-A825-CC08F7FCE40D}.Debug|Any CPU.Build.0 = Debug|Any CPU
		{ABED645E-46E6-4289-A825-CC08F7FCE40D}.Debug|x64.ActiveCfg = Debug|Any CPU
		{ABED645E-46E6-4289-A825-CC08F7FCE40D}.Debug|x64.Build.0 = Debug|Any CPU
		{ABED645E-46E6-4289-A825-CC08F7FCE40D}.Debug|x86.ActiveCfg = Debug|Any CPU
		{ABED645E-46E6-4289-A825-CC08F7FCE40D}.Debug|x86.Build.0 = Debug|Any CPU
		{ABED645E-46E6-4289-A825-CC08F7FCE40D}.Release|Any CPU.ActiveCfg = Release|Any CPU
		{ABED645E-46E6-4289-A825-CC08F7FCE40D}.Release|Any CPU.Build.0 = Release|Any CPU
		{ABED645E-46E6-4289-A825-CC08F7FCE40D}.Release|x64.ActiveCfg = Release|Any CPU
		{ABED645E-46E6-4289-A825-CC08F7FCE40D}.Release|x64.Build.0 = Release|Any CPU
		{ABED645E-46E6-4289-A825-CC08F7FCE40D}.Release|x86.ActiveCfg = Release|Any CPU
		{ABED645E-46E6-4289-A825-CC08F7FCE40D}.Release|x86.Build.0 = Release|Any CPU
		{82CDD688-83DB-449F-BC45-180B7CA208A9}.Debug|Any CPU.ActiveCfg = Debug|Any CPU
		{82CDD688-83DB-449F-BC45-180B7CA208A9}.Debug|Any CPU.Build.0 = Debug|Any CPU
		{82CDD688-83DB-449F-BC45-180B7CA208A9}.Debug|x64.ActiveCfg = Debug|Any CPU
		{82CDD688-83DB-449F-BC45-180B7CA208A9}.Debug|x64.Build.0 = Debug|Any CPU
		{82CDD688-83DB-449F-BC45-180B7CA208A9}.Debug|x86.ActiveCfg = Debug|Any CPU
		{82CDD688-83DB-449F-BC45-180B7CA208A9}.Debug|x86.Build.0 = Debug|Any CPU
		{82CDD688-83DB-449F-BC45-180B7CA208A9}.Release|Any CPU.ActiveCfg = Release|Any CPU
		{82CDD688-83DB-449F-BC45-180B7CA208A9}.Release|Any CPU.Build.0 = Release|Any CPU
		{82CDD688-83DB-449F-BC45-180B7CA208A9}.Release|x64.ActiveCfg = Release|Any CPU
		{82CDD688-83DB-449F-BC45-180B7CA208A9}.Release|x64.Build.0 = Release|Any CPU
		{82CDD688-83DB-449F-BC45-180B7CA208A9}.Release|x86.ActiveCfg = Release|Any CPU
		{82CDD688-83DB-449F-BC45-180B7CA208A9}.Release|x86.Build.0 = Release|Any CPU
		{45BDE137-2A63-40EA-971A-5A3C2D4CA187}.Debug|Any CPU.ActiveCfg = Debug|Any CPU
		{45BDE137-2A63-40EA-971A-5A3C2D4CA187}.Debug|Any CPU.Build.0 = Debug|Any CPU
		{45BDE137-2A63-40EA-971A-5A3C2D4CA187}.Debug|x64.ActiveCfg = Debug|Any CPU
		{45BDE137-2A63-40EA-971A-5A3C2D4CA187}.Debug|x64.Build.0 = Debug|Any CPU
		{45BDE137-2A63-40EA-971A-5A3C2D4CA187}.Debug|x86.ActiveCfg = Debug|Any CPU
		{45BDE137-2A63-40EA-971A-5A3C2D4CA187}.Debug|x86.Build.0 = Debug|Any CPU
		{45BDE137-2A63-40EA-971A-5A3C2D4CA187}.Release|Any CPU.ActiveCfg = Release|Any CPU
		{45BDE137-2A63-40EA-971A-5A3C2D4CA187}.Release|Any CPU.Build.0 = Release|Any CPU
		{45BDE137-2A63-40EA-971A-5A3C2D4CA187}.Release|x64.ActiveCfg = Release|Any CPU
		{45BDE137-2A63-40EA-971A-5A3C2D4CA187}.Release|x64.Build.0 = Release|Any CPU
		{45BDE137-2A63-40EA-971A-5A3C2D4CA187}.Release|x86.ActiveCfg = Release|Any CPU
		{45BDE137-2A63-40EA-971A-5A3C2D4CA187}.Release|x86.Build.0 = Release|Any CPU
		{A7CD79DF-7F78-4789-B4E3-59E932B35844}.Debug|Any CPU.ActiveCfg = Debug|Any CPU
		{A7CD79DF-7F78-4789-B4E3-59E932B35844}.Debug|Any CPU.Build.0 = Debug|Any CPU
		{A7CD79DF-7F78-4789-B4E3-59E932B35844}.Debug|x64.ActiveCfg = Debug|Any CPU
		{A7CD79DF-7F78-4789-B4E3-59E932B35844}.Debug|x64.Build.0 = Debug|Any CPU
		{A7CD79DF-7F78-4789-B4E3-59E932B35844}.Debug|x86.ActiveCfg = Debug|Any CPU
		{A7CD79DF-7F78-4789-B4E3-59E932B35844}.Debug|x86.Build.0 = Debug|Any CPU
		{A7CD79DF-7F78-4789-B4E3-59E932B35844}.Release|Any CPU.ActiveCfg = Release|Any CPU
		{A7CD79DF-7F78-4789-B4E3-59E932B35844}.Release|Any CPU.Build.0 = Release|Any CPU
		{A7CD79DF-7F78-4789-B4E3-59E932B35844}.Release|x64.ActiveCfg = Release|Any CPU
		{A7CD79DF-7F78-4789-B4E3-59E932B35844}.Release|x64.Build.0 = Release|Any CPU
		{A7CD79DF-7F78-4789-B4E3-59E932B35844}.Release|x86.ActiveCfg = Release|Any CPU
		{A7CD79DF-7F78-4789-B4E3-59E932B35844}.Release|x86.Build.0 = Release|Any CPU
		{5876F91E-CA3F-4EC9-8196-E4703B5FD1C1}.Debug|Any CPU.ActiveCfg = Debug|Any CPU
		{5876F91E-CA3F-4EC9-8196-E4703B5FD1C1}.Debug|Any CPU.Build.0 = Debug|Any CPU
		{5876F91E-CA3F-4EC9-8196-E4703B5FD1C1}.Debug|x64.ActiveCfg = Debug|Any CPU
		{5876F91E-CA3F-4EC9-8196-E4703B5FD1C1}.Debug|x64.Build.0 = Debug|Any CPU
		{5876F91E-CA3F-4EC9-8196-E4703B5FD1C1}.Debug|x86.ActiveCfg = Debug|Any CPU
		{5876F91E-CA3F-4EC9-8196-E4703B5FD1C1}.Debug|x86.Build.0 = Debug|Any CPU
		{5876F91E-CA3F-4EC9-8196-E4703B5FD1C1}.Release|Any CPU.ActiveCfg = Release|Any CPU
		{5876F91E-CA3F-4EC9-8196-E4703B5FD1C1}.Release|Any CPU.Build.0 = Release|Any CPU
		{5876F91E-CA3F-4EC9-8196-E4703B5FD1C1}.Release|x64.ActiveCfg = Release|Any CPU
		{5876F91E-CA3F-4EC9-8196-E4703B5FD1C1}.Release|x64.Build.0 = Release|Any CPU
		{5876F91E-CA3F-4EC9-8196-E4703B5FD1C1}.Release|x86.ActiveCfg = Release|Any CPU
		{5876F91E-CA3F-4EC9-8196-E4703B5FD1C1}.Release|x86.Build.0 = Release|Any CPU
		{9E4B62AC-FB21-4472-B030-B7184C73AC71}.Debug|Any CPU.ActiveCfg = Debug|Any CPU
		{9E4B62AC-FB21-4472-B030-B7184C73AC71}.Debug|Any CPU.Build.0 = Debug|Any CPU
		{9E4B62AC-FB21-4472-B030-B7184C73AC71}.Debug|x64.ActiveCfg = Debug|Any CPU
		{9E4B62AC-FB21-4472-B030-B7184C73AC71}.Debug|x64.Build.0 = Debug|Any CPU
		{9E4B62AC-FB21-4472-B030-B7184C73AC71}.Debug|x86.ActiveCfg = Debug|Any CPU
		{9E4B62AC-FB21-4472-B030-B7184C73AC71}.Debug|x86.Build.0 = Debug|Any CPU
		{9E4B62AC-FB21-4472-B030-B7184C73AC71}.Release|Any CPU.ActiveCfg = Release|Any CPU
		{9E4B62AC-FB21-4472-B030-B7184C73AC71}.Release|Any CPU.Build.0 = Release|Any CPU
		{9E4B62AC-FB21-4472-B030-B7184C73AC71}.Release|x64.ActiveCfg = Release|Any CPU
		{9E4B62AC-FB21-4472-B030-B7184C73AC71}.Release|x64.Build.0 = Release|Any CPU
		{9E4B62AC-FB21-4472-B030-B7184C73AC71}.Release|x86.ActiveCfg = Release|Any CPU
		{9E4B62AC-FB21-4472-B030-B7184C73AC71}.Release|x86.Build.0 = Release|Any CPU
		{CC29C5F6-0305-4C2E-B17F-E610CBB23215}.Debug|Any CPU.ActiveCfg = Debug|Any CPU
		{CC29C5F6-0305-4C2E-B17F-E610CBB23215}.Debug|Any CPU.Build.0 = Debug|Any CPU
		{CC29C5F6-0305-4C2E-B17F-E610CBB23215}.Debug|x64.ActiveCfg = Debug|Any CPU
		{CC29C5F6-0305-4C2E-B17F-E610CBB23215}.Debug|x64.Build.0 = Debug|Any CPU
		{CC29C5F6-0305-4C2E-B17F-E610CBB23215}.Debug|x86.ActiveCfg = Debug|Any CPU
		{CC29C5F6-0305-4C2E-B17F-E610CBB23215}.Debug|x86.Build.0 = Debug|Any CPU
		{CC29C5F6-0305-4C2E-B17F-E610CBB23215}.Release|Any CPU.ActiveCfg = Release|Any CPU
		{CC29C5F6-0305-4C2E-B17F-E610CBB23215}.Release|Any CPU.Build.0 = Release|Any CPU
		{CC29C5F6-0305-4C2E-B17F-E610CBB23215}.Release|x64.ActiveCfg = Release|Any CPU
		{CC29C5F6-0305-4C2E-B17F-E610CBB23215}.Release|x64.Build.0 = Release|Any CPU
		{CC29C5F6-0305-4C2E-B17F-E610CBB23215}.Release|x86.ActiveCfg = Release|Any CPU
		{CC29C5F6-0305-4C2E-B17F-E610CBB23215}.Release|x86.Build.0 = Release|Any CPU
		{D4614814-D2D2-4750-A2D7-C11DDC988B40}.Debug|Any CPU.ActiveCfg = Debug|Any CPU
		{D4614814-D2D2-4750-A2D7-C11DDC988B40}.Debug|Any CPU.Build.0 = Debug|Any CPU
		{D4614814-D2D2-4750-A2D7-C11DDC988B40}.Debug|x64.ActiveCfg = Debug|Any CPU
		{D4614814-D2D2-4750-A2D7-C11DDC988B40}.Debug|x64.Build.0 = Debug|Any CPU
		{D4614814-D2D2-4750-A2D7-C11DDC988B40}.Debug|x86.ActiveCfg = Debug|Any CPU
		{D4614814-D2D2-4750-A2D7-C11DDC988B40}.Debug|x86.Build.0 = Debug|Any CPU
		{D4614814-D2D2-4750-A2D7-C11DDC988B40}.Release|Any CPU.ActiveCfg = Release|Any CPU
		{D4614814-D2D2-4750-A2D7-C11DDC988B40}.Release|Any CPU.Build.0 = Release|Any CPU
		{D4614814-D2D2-4750-A2D7-C11DDC988B40}.Release|x64.ActiveCfg = Release|Any CPU
		{D4614814-D2D2-4750-A2D7-C11DDC988B40}.Release|x64.Build.0 = Release|Any CPU
		{D4614814-D2D2-4750-A2D7-C11DDC988B40}.Release|x86.ActiveCfg = Release|Any CPU
		{D4614814-D2D2-4750-A2D7-C11DDC988B40}.Release|x86.Build.0 = Release|Any CPU
		{E2CEEEB7-49E1-48CD-B7AE-1C931A959BAB}.Debug|Any CPU.ActiveCfg = Debug|Any CPU
		{E2CEEEB7-49E1-48CD-B7AE-1C931A959BAB}.Debug|Any CPU.Build.0 = Debug|Any CPU
		{E2CEEEB7-49E1-48CD-B7AE-1C931A959BAB}.Debug|x64.ActiveCfg = Debug|Any CPU
		{E2CEEEB7-49E1-48CD-B7AE-1C931A959BAB}.Debug|x64.Build.0 = Debug|Any CPU
		{E2CEEEB7-49E1-48CD-B7AE-1C931A959BAB}.Debug|x86.ActiveCfg = Debug|Any CPU
		{E2CEEEB7-49E1-48CD-B7AE-1C931A959BAB}.Debug|x86.Build.0 = Debug|Any CPU
		{E2CEEEB7-49E1-48CD-B7AE-1C931A959BAB}.Release|Any CPU.ActiveCfg = Release|Any CPU
		{E2CEEEB7-49E1-48CD-B7AE-1C931A959BAB}.Release|Any CPU.Build.0 = Release|Any CPU
		{E2CEEEB7-49E1-48CD-B7AE-1C931A959BAB}.Release|x64.ActiveCfg = Release|Any CPU
		{E2CEEEB7-49E1-48CD-B7AE-1C931A959BAB}.Release|x64.Build.0 = Release|Any CPU
		{E2CEEEB7-49E1-48CD-B7AE-1C931A959BAB}.Release|x86.ActiveCfg = Release|Any CPU
		{E2CEEEB7-49E1-48CD-B7AE-1C931A959BAB}.Release|x86.Build.0 = Release|Any CPU
		{0F2A94F0-C445-4B51-8A1A-EB5C0101FEED}.Debug|Any CPU.ActiveCfg = Debug|Any CPU
		{0F2A94F0-C445-4B51-8A1A-EB5C0101FEED}.Debug|Any CPU.Build.0 = Debug|Any CPU
		{0F2A94F0-C445-4B51-8A1A-EB5C0101FEED}.Debug|x64.ActiveCfg = Debug|Any CPU
		{0F2A94F0-C445-4B51-8A1A-EB5C0101FEED}.Debug|x64.Build.0 = Debug|Any CPU
		{0F2A94F0-C445-4B51-8A1A-EB5C0101FEED}.Debug|x86.ActiveCfg = Debug|Any CPU
		{0F2A94F0-C445-4B51-8A1A-EB5C0101FEED}.Debug|x86.Build.0 = Debug|Any CPU
		{0F2A94F0-C445-4B51-8A1A-EB5C0101FEED}.Release|Any CPU.ActiveCfg = Release|Any CPU
		{0F2A94F0-C445-4B51-8A1A-EB5C0101FEED}.Release|Any CPU.Build.0 = Release|Any CPU
		{0F2A94F0-C445-4B51-8A1A-EB5C0101FEED}.Release|x64.ActiveCfg = Release|Any CPU
		{0F2A94F0-C445-4B51-8A1A-EB5C0101FEED}.Release|x64.Build.0 = Release|Any CPU
		{0F2A94F0-C445-4B51-8A1A-EB5C0101FEED}.Release|x86.ActiveCfg = Release|Any CPU
		{0F2A94F0-C445-4B51-8A1A-EB5C0101FEED}.Release|x86.Build.0 = Release|Any CPU
		{700C0C59-C4C0-4D94-B135-866D45AC869A}.Debug|Any CPU.ActiveCfg = Debug|Any CPU
		{700C0C59-C4C0-4D94-B135-866D45AC869A}.Debug|Any CPU.Build.0 = Debug|Any CPU
		{700C0C59-C4C0-4D94-B135-866D45AC869A}.Debug|x64.ActiveCfg = Debug|Any CPU
		{700C0C59-C4C0-4D94-B135-866D45AC869A}.Debug|x64.Build.0 = Debug|Any CPU
		{700C0C59-C4C0-4D94-B135-866D45AC869A}.Debug|x86.ActiveCfg = Debug|Any CPU
		{700C0C59-C4C0-4D94-B135-866D45AC869A}.Debug|x86.Build.0 = Debug|Any CPU
		{700C0C59-C4C0-4D94-B135-866D45AC869A}.Release|Any CPU.ActiveCfg = Release|Any CPU
		{700C0C59-C4C0-4D94-B135-866D45AC869A}.Release|Any CPU.Build.0 = Release|Any CPU
		{700C0C59-C4C0-4D94-B135-866D45AC869A}.Release|x64.ActiveCfg = Release|Any CPU
		{700C0C59-C4C0-4D94-B135-866D45AC869A}.Release|x64.Build.0 = Release|Any CPU
		{700C0C59-C4C0-4D94-B135-866D45AC869A}.Release|x86.ActiveCfg = Release|Any CPU
		{700C0C59-C4C0-4D94-B135-866D45AC869A}.Release|x86.Build.0 = Release|Any CPU
		{4DD48783-CC8D-484D-A0B7-3B9CF440F4DE}.Debug|Any CPU.ActiveCfg = Debug|Any CPU
		{4DD48783-CC8D-484D-A0B7-3B9CF440F4DE}.Debug|Any CPU.Build.0 = Debug|Any CPU
		{4DD48783-CC8D-484D-A0B7-3B9CF440F4DE}.Debug|x64.ActiveCfg = Debug|Any CPU
		{4DD48783-CC8D-484D-A0B7-3B9CF440F4DE}.Debug|x64.Build.0 = Debug|Any CPU
		{4DD48783-CC8D-484D-A0B7-3B9CF440F4DE}.Debug|x86.ActiveCfg = Debug|Any CPU
		{4DD48783-CC8D-484D-A0B7-3B9CF440F4DE}.Debug|x86.Build.0 = Debug|Any CPU
		{4DD48783-CC8D-484D-A0B7-3B9CF440F4DE}.Release|Any CPU.ActiveCfg = Release|Any CPU
		{4DD48783-CC8D-484D-A0B7-3B9CF440F4DE}.Release|Any CPU.Build.0 = Release|Any CPU
		{4DD48783-CC8D-484D-A0B7-3B9CF440F4DE}.Release|x64.ActiveCfg = Release|Any CPU
		{4DD48783-CC8D-484D-A0B7-3B9CF440F4DE}.Release|x64.Build.0 = Release|Any CPU
		{4DD48783-CC8D-484D-A0B7-3B9CF440F4DE}.Release|x86.ActiveCfg = Release|Any CPU
		{4DD48783-CC8D-484D-A0B7-3B9CF440F4DE}.Release|x86.Build.0 = Release|Any CPU
		{738853BE-4D2E-4B48-9522-6F57CCC9E3D3}.Debug|Any CPU.ActiveCfg = Debug|Any CPU
		{738853BE-4D2E-4B48-9522-6F57CCC9E3D3}.Debug|Any CPU.Build.0 = Debug|Any CPU
		{738853BE-4D2E-4B48-9522-6F57CCC9E3D3}.Debug|x64.ActiveCfg = Debug|Any CPU
		{738853BE-4D2E-4B48-9522-6F57CCC9E3D3}.Debug|x64.Build.0 = Debug|Any CPU
		{738853BE-4D2E-4B48-9522-6F57CCC9E3D3}.Debug|x86.ActiveCfg = Debug|Any CPU
		{738853BE-4D2E-4B48-9522-6F57CCC9E3D3}.Debug|x86.Build.0 = Debug|Any CPU
		{738853BE-4D2E-4B48-9522-6F57CCC9E3D3}.Release|Any CPU.ActiveCfg = Release|Any CPU
		{738853BE-4D2E-4B48-9522-6F57CCC9E3D3}.Release|Any CPU.Build.0 = Release|Any CPU
		{738853BE-4D2E-4B48-9522-6F57CCC9E3D3}.Release|x64.ActiveCfg = Release|Any CPU
		{738853BE-4D2E-4B48-9522-6F57CCC9E3D3}.Release|x64.Build.0 = Release|Any CPU
		{738853BE-4D2E-4B48-9522-6F57CCC9E3D3}.Release|x86.ActiveCfg = Release|Any CPU
		{738853BE-4D2E-4B48-9522-6F57CCC9E3D3}.Release|x86.Build.0 = Release|Any CPU
		{13328369-C474-46CF-BF54-9D42F97592BE}.Debug|Any CPU.ActiveCfg = Debug|Any CPU
		{13328369-C474-46CF-BF54-9D42F97592BE}.Debug|Any CPU.Build.0 = Debug|Any CPU
		{13328369-C474-46CF-BF54-9D42F97592BE}.Debug|x64.ActiveCfg = Debug|Any CPU
		{13328369-C474-46CF-BF54-9D42F97592BE}.Debug|x64.Build.0 = Debug|Any CPU
		{13328369-C474-46CF-BF54-9D42F97592BE}.Debug|x86.ActiveCfg = Debug|Any CPU
		{13328369-C474-46CF-BF54-9D42F97592BE}.Debug|x86.Build.0 = Debug|Any CPU
		{13328369-C474-46CF-BF54-9D42F97592BE}.Release|Any CPU.ActiveCfg = Release|Any CPU
		{13328369-C474-46CF-BF54-9D42F97592BE}.Release|Any CPU.Build.0 = Release|Any CPU
		{13328369-C474-46CF-BF54-9D42F97592BE}.Release|x64.ActiveCfg = Release|Any CPU
		{13328369-C474-46CF-BF54-9D42F97592BE}.Release|x64.Build.0 = Release|Any CPU
		{13328369-C474-46CF-BF54-9D42F97592BE}.Release|x86.ActiveCfg = Release|Any CPU
		{13328369-C474-46CF-BF54-9D42F97592BE}.Release|x86.Build.0 = Release|Any CPU
		{7D2B0F94-0C0B-467B-B90C-3C819440F9CB}.Debug|Any CPU.ActiveCfg = Debug|Any CPU
		{7D2B0F94-0C0B-467B-B90C-3C819440F9CB}.Debug|Any CPU.Build.0 = Debug|Any CPU
		{7D2B0F94-0C0B-467B-B90C-3C819440F9CB}.Debug|x64.ActiveCfg = Debug|Any CPU
		{7D2B0F94-0C0B-467B-B90C-3C819440F9CB}.Debug|x64.Build.0 = Debug|Any CPU
		{7D2B0F94-0C0B-467B-B90C-3C819440F9CB}.Debug|x86.ActiveCfg = Debug|Any CPU
		{7D2B0F94-0C0B-467B-B90C-3C819440F9CB}.Debug|x86.Build.0 = Debug|Any CPU
		{7D2B0F94-0C0B-467B-B90C-3C819440F9CB}.Release|Any CPU.ActiveCfg = Release|Any CPU
		{7D2B0F94-0C0B-467B-B90C-3C819440F9CB}.Release|Any CPU.Build.0 = Release|Any CPU
		{7D2B0F94-0C0B-467B-B90C-3C819440F9CB}.Release|x64.ActiveCfg = Release|Any CPU
		{7D2B0F94-0C0B-467B-B90C-3C819440F9CB}.Release|x64.Build.0 = Release|Any CPU
		{7D2B0F94-0C0B-467B-B90C-3C819440F9CB}.Release|x86.ActiveCfg = Release|Any CPU
		{7D2B0F94-0C0B-467B-B90C-3C819440F9CB}.Release|x86.Build.0 = Release|Any CPU
		{7C017591-F633-411B-A071-13720C01A878}.Debug|Any CPU.ActiveCfg = Debug|Any CPU
		{7C017591-F633-411B-A071-13720C01A878}.Debug|Any CPU.Build.0 = Debug|Any CPU
		{7C017591-F633-411B-A071-13720C01A878}.Debug|x64.ActiveCfg = Debug|Any CPU
		{7C017591-F633-411B-A071-13720C01A878}.Debug|x64.Build.0 = Debug|Any CPU
		{7C017591-F633-411B-A071-13720C01A878}.Debug|x86.ActiveCfg = Debug|Any CPU
		{7C017591-F633-411B-A071-13720C01A878}.Debug|x86.Build.0 = Debug|Any CPU
		{7C017591-F633-411B-A071-13720C01A878}.Release|Any CPU.ActiveCfg = Release|Any CPU
		{7C017591-F633-411B-A071-13720C01A878}.Release|Any CPU.Build.0 = Release|Any CPU
		{7C017591-F633-411B-A071-13720C01A878}.Release|x64.ActiveCfg = Release|Any CPU
		{7C017591-F633-411B-A071-13720C01A878}.Release|x64.Build.0 = Release|Any CPU
		{7C017591-F633-411B-A071-13720C01A878}.Release|x86.ActiveCfg = Release|Any CPU
		{7C017591-F633-411B-A071-13720C01A878}.Release|x86.Build.0 = Release|Any CPU
		{B2D1C7C3-FCBE-494E-985C-3DF63C8044E1}.Debug|Any CPU.ActiveCfg = Debug|Any CPU
		{B2D1C7C3-FCBE-494E-985C-3DF63C8044E1}.Debug|Any CPU.Build.0 = Debug|Any CPU
		{B2D1C7C3-FCBE-494E-985C-3DF63C8044E1}.Debug|x64.ActiveCfg = Debug|Any CPU
		{B2D1C7C3-FCBE-494E-985C-3DF63C8044E1}.Debug|x64.Build.0 = Debug|Any CPU
		{B2D1C7C3-FCBE-494E-985C-3DF63C8044E1}.Debug|x86.ActiveCfg = Debug|Any CPU
		{B2D1C7C3-FCBE-494E-985C-3DF63C8044E1}.Debug|x86.Build.0 = Debug|Any CPU
		{B2D1C7C3-FCBE-494E-985C-3DF63C8044E1}.Release|Any CPU.ActiveCfg = Release|Any CPU
		{B2D1C7C3-FCBE-494E-985C-3DF63C8044E1}.Release|Any CPU.Build.0 = Release|Any CPU
		{B2D1C7C3-FCBE-494E-985C-3DF63C8044E1}.Release|x64.ActiveCfg = Release|Any CPU
		{B2D1C7C3-FCBE-494E-985C-3DF63C8044E1}.Release|x64.Build.0 = Release|Any CPU
		{B2D1C7C3-FCBE-494E-985C-3DF63C8044E1}.Release|x86.ActiveCfg = Release|Any CPU
		{B2D1C7C3-FCBE-494E-985C-3DF63C8044E1}.Release|x86.Build.0 = Release|Any CPU
		{DE5E69D5-F627-413E-905A-DD96D6991A31}.Debug|Any CPU.ActiveCfg = Debug|Any CPU
		{DE5E69D5-F627-413E-905A-DD96D6991A31}.Debug|Any CPU.Build.0 = Debug|Any CPU
		{DE5E69D5-F627-413E-905A-DD96D6991A31}.Debug|x64.ActiveCfg = Debug|Any CPU
		{DE5E69D5-F627-413E-905A-DD96D6991A31}.Debug|x64.Build.0 = Debug|Any CPU
		{DE5E69D5-F627-413E-905A-DD96D6991A31}.Debug|x86.ActiveCfg = Debug|Any CPU
		{DE5E69D5-F627-413E-905A-DD96D6991A31}.Debug|x86.Build.0 = Debug|Any CPU
		{DE5E69D5-F627-413E-905A-DD96D6991A31}.Release|Any CPU.ActiveCfg = Release|Any CPU
		{DE5E69D5-F627-413E-905A-DD96D6991A31}.Release|Any CPU.Build.0 = Release|Any CPU
		{DE5E69D5-F627-413E-905A-DD96D6991A31}.Release|x64.ActiveCfg = Release|Any CPU
		{DE5E69D5-F627-413E-905A-DD96D6991A31}.Release|x64.Build.0 = Release|Any CPU
		{DE5E69D5-F627-413E-905A-DD96D6991A31}.Release|x86.ActiveCfg = Release|Any CPU
		{DE5E69D5-F627-413E-905A-DD96D6991A31}.Release|x86.Build.0 = Release|Any CPU
		{90DA7E1E-CB15-432F-A1DC-0D42D0509B7F}.Debug|Any CPU.ActiveCfg = Debug|Any CPU
		{90DA7E1E-CB15-432F-A1DC-0D42D0509B7F}.Debug|Any CPU.Build.0 = Debug|Any CPU
		{90DA7E1E-CB15-432F-A1DC-0D42D0509B7F}.Debug|x64.ActiveCfg = Debug|Any CPU
		{90DA7E1E-CB15-432F-A1DC-0D42D0509B7F}.Debug|x64.Build.0 = Debug|Any CPU
		{90DA7E1E-CB15-432F-A1DC-0D42D0509B7F}.Debug|x86.ActiveCfg = Debug|Any CPU
		{90DA7E1E-CB15-432F-A1DC-0D42D0509B7F}.Debug|x86.Build.0 = Debug|Any CPU
		{90DA7E1E-CB15-432F-A1DC-0D42D0509B7F}.Release|Any CPU.ActiveCfg = Release|Any CPU
		{90DA7E1E-CB15-432F-A1DC-0D42D0509B7F}.Release|Any CPU.Build.0 = Release|Any CPU
		{90DA7E1E-CB15-432F-A1DC-0D42D0509B7F}.Release|x64.ActiveCfg = Release|Any CPU
		{90DA7E1E-CB15-432F-A1DC-0D42D0509B7F}.Release|x64.Build.0 = Release|Any CPU
		{90DA7E1E-CB15-432F-A1DC-0D42D0509B7F}.Release|x86.ActiveCfg = Release|Any CPU
		{90DA7E1E-CB15-432F-A1DC-0D42D0509B7F}.Release|x86.Build.0 = Release|Any CPU
		{C7BAE572-11D6-43ED-8DF1-57BD72B37C31}.Debug|Any CPU.ActiveCfg = Debug|Any CPU
		{C7BAE572-11D6-43ED-8DF1-57BD72B37C31}.Debug|Any CPU.Build.0 = Debug|Any CPU
		{C7BAE572-11D6-43ED-8DF1-57BD72B37C31}.Debug|x64.ActiveCfg = Debug|Any CPU
		{C7BAE572-11D6-43ED-8DF1-57BD72B37C31}.Debug|x64.Build.0 = Debug|Any CPU
		{C7BAE572-11D6-43ED-8DF1-57BD72B37C31}.Debug|x86.ActiveCfg = Debug|Any CPU
		{C7BAE572-11D6-43ED-8DF1-57BD72B37C31}.Debug|x86.Build.0 = Debug|Any CPU
		{C7BAE572-11D6-43ED-8DF1-57BD72B37C31}.Release|Any CPU.ActiveCfg = Release|Any CPU
		{C7BAE572-11D6-43ED-8DF1-57BD72B37C31}.Release|Any CPU.Build.0 = Release|Any CPU
		{C7BAE572-11D6-43ED-8DF1-57BD72B37C31}.Release|x64.ActiveCfg = Release|Any CPU
		{C7BAE572-11D6-43ED-8DF1-57BD72B37C31}.Release|x64.Build.0 = Release|Any CPU
		{C7BAE572-11D6-43ED-8DF1-57BD72B37C31}.Release|x86.ActiveCfg = Release|Any CPU
		{C7BAE572-11D6-43ED-8DF1-57BD72B37C31}.Release|x86.Build.0 = Release|Any CPU
		{0EEE2C35-34A3-4AEB-8EB8-FA58E48B97F3}.Debug|Any CPU.ActiveCfg = Debug|Any CPU
		{0EEE2C35-34A3-4AEB-8EB8-FA58E48B97F3}.Debug|Any CPU.Build.0 = Debug|Any CPU
		{0EEE2C35-34A3-4AEB-8EB8-FA58E48B97F3}.Debug|x64.ActiveCfg = Debug|Any CPU
		{0EEE2C35-34A3-4AEB-8EB8-FA58E48B97F3}.Debug|x64.Build.0 = Debug|Any CPU
		{0EEE2C35-34A3-4AEB-8EB8-FA58E48B97F3}.Debug|x86.ActiveCfg = Debug|Any CPU
		{0EEE2C35-34A3-4AEB-8EB8-FA58E48B97F3}.Debug|x86.Build.0 = Debug|Any CPU
		{0EEE2C35-34A3-4AEB-8EB8-FA58E48B97F3}.Release|Any CPU.ActiveCfg = Release|Any CPU
		{0EEE2C35-34A3-4AEB-8EB8-FA58E48B97F3}.Release|Any CPU.Build.0 = Release|Any CPU
		{0EEE2C35-34A3-4AEB-8EB8-FA58E48B97F3}.Release|x64.ActiveCfg = Release|Any CPU
		{0EEE2C35-34A3-4AEB-8EB8-FA58E48B97F3}.Release|x64.Build.0 = Release|Any CPU
		{0EEE2C35-34A3-4AEB-8EB8-FA58E48B97F3}.Release|x86.ActiveCfg = Release|Any CPU
		{0EEE2C35-34A3-4AEB-8EB8-FA58E48B97F3}.Release|x86.Build.0 = Release|Any CPU
		{DEC0C39E-08C6-44E7-8BA3-38D87C675EF2}.Debug|Any CPU.ActiveCfg = Debug|Any CPU
		{DEC0C39E-08C6-44E7-8BA3-38D87C675EF2}.Debug|Any CPU.Build.0 = Debug|Any CPU
		{DEC0C39E-08C6-44E7-8BA3-38D87C675EF2}.Debug|x64.ActiveCfg = Debug|Any CPU
		{DEC0C39E-08C6-44E7-8BA3-38D87C675EF2}.Debug|x64.Build.0 = Debug|Any CPU
		{DEC0C39E-08C6-44E7-8BA3-38D87C675EF2}.Debug|x86.ActiveCfg = Debug|Any CPU
		{DEC0C39E-08C6-44E7-8BA3-38D87C675EF2}.Debug|x86.Build.0 = Debug|Any CPU
		{DEC0C39E-08C6-44E7-8BA3-38D87C675EF2}.Release|Any CPU.ActiveCfg = Release|Any CPU
		{DEC0C39E-08C6-44E7-8BA3-38D87C675EF2}.Release|Any CPU.Build.0 = Release|Any CPU
		{DEC0C39E-08C6-44E7-8BA3-38D87C675EF2}.Release|x64.ActiveCfg = Release|Any CPU
		{DEC0C39E-08C6-44E7-8BA3-38D87C675EF2}.Release|x64.Build.0 = Release|Any CPU
		{DEC0C39E-08C6-44E7-8BA3-38D87C675EF2}.Release|x86.ActiveCfg = Release|Any CPU
		{DEC0C39E-08C6-44E7-8BA3-38D87C675EF2}.Release|x86.Build.0 = Release|Any CPU
		{2C7B41F0-8EA6-4A1F-96F3-D62F9083FC44}.Debug|Any CPU.ActiveCfg = Debug|Any CPU
		{2C7B41F0-8EA6-4A1F-96F3-D62F9083FC44}.Debug|Any CPU.Build.0 = Debug|Any CPU
		{2C7B41F0-8EA6-4A1F-96F3-D62F9083FC44}.Debug|x64.ActiveCfg = Debug|Any CPU
		{2C7B41F0-8EA6-4A1F-96F3-D62F9083FC44}.Debug|x64.Build.0 = Debug|Any CPU
		{2C7B41F0-8EA6-4A1F-96F3-D62F9083FC44}.Debug|x86.ActiveCfg = Debug|Any CPU
		{2C7B41F0-8EA6-4A1F-96F3-D62F9083FC44}.Debug|x86.Build.0 = Debug|Any CPU
		{2C7B41F0-8EA6-4A1F-96F3-D62F9083FC44}.Release|Any CPU.ActiveCfg = Release|Any CPU
		{2C7B41F0-8EA6-4A1F-96F3-D62F9083FC44}.Release|Any CPU.Build.0 = Release|Any CPU
		{2C7B41F0-8EA6-4A1F-96F3-D62F9083FC44}.Release|x64.ActiveCfg = Release|Any CPU
		{2C7B41F0-8EA6-4A1F-96F3-D62F9083FC44}.Release|x64.Build.0 = Release|Any CPU
		{2C7B41F0-8EA6-4A1F-96F3-D62F9083FC44}.Release|x86.ActiveCfg = Release|Any CPU
		{2C7B41F0-8EA6-4A1F-96F3-D62F9083FC44}.Release|x86.Build.0 = Release|Any CPU
		{0B6A6400-B40B-42BF-8B17-82CF2B8A175C}.Debug|Any CPU.ActiveCfg = Debug|Any CPU
		{0B6A6400-B40B-42BF-8B17-82CF2B8A175C}.Debug|Any CPU.Build.0 = Debug|Any CPU
		{0B6A6400-B40B-42BF-8B17-82CF2B8A175C}.Debug|x64.ActiveCfg = Debug|Any CPU
		{0B6A6400-B40B-42BF-8B17-82CF2B8A175C}.Debug|x64.Build.0 = Debug|Any CPU
		{0B6A6400-B40B-42BF-8B17-82CF2B8A175C}.Debug|x86.ActiveCfg = Debug|Any CPU
		{0B6A6400-B40B-42BF-8B17-82CF2B8A175C}.Debug|x86.Build.0 = Debug|Any CPU
		{0B6A6400-B40B-42BF-8B17-82CF2B8A175C}.Release|Any CPU.ActiveCfg = Release|Any CPU
		{0B6A6400-B40B-42BF-8B17-82CF2B8A175C}.Release|Any CPU.Build.0 = Release|Any CPU
		{0B6A6400-B40B-42BF-8B17-82CF2B8A175C}.Release|x64.ActiveCfg = Release|Any CPU
		{0B6A6400-B40B-42BF-8B17-82CF2B8A175C}.Release|x64.Build.0 = Release|Any CPU
		{0B6A6400-B40B-42BF-8B17-82CF2B8A175C}.Release|x86.ActiveCfg = Release|Any CPU
		{0B6A6400-B40B-42BF-8B17-82CF2B8A175C}.Release|x86.Build.0 = Release|Any CPU
		{D76F47AB-DCBF-4223-BF61-8650FECB5F2C}.Debug|Any CPU.ActiveCfg = Debug|Any CPU
		{D76F47AB-DCBF-4223-BF61-8650FECB5F2C}.Debug|Any CPU.Build.0 = Debug|Any CPU
		{D76F47AB-DCBF-4223-BF61-8650FECB5F2C}.Debug|x64.ActiveCfg = Debug|Any CPU
		{D76F47AB-DCBF-4223-BF61-8650FECB5F2C}.Debug|x64.Build.0 = Debug|Any CPU
		{D76F47AB-DCBF-4223-BF61-8650FECB5F2C}.Debug|x86.ActiveCfg = Debug|Any CPU
		{D76F47AB-DCBF-4223-BF61-8650FECB5F2C}.Debug|x86.Build.0 = Debug|Any CPU
		{D76F47AB-DCBF-4223-BF61-8650FECB5F2C}.Release|Any CPU.ActiveCfg = Release|Any CPU
		{D76F47AB-DCBF-4223-BF61-8650FECB5F2C}.Release|Any CPU.Build.0 = Release|Any CPU
		{D76F47AB-DCBF-4223-BF61-8650FECB5F2C}.Release|x64.ActiveCfg = Release|Any CPU
		{D76F47AB-DCBF-4223-BF61-8650FECB5F2C}.Release|x64.Build.0 = Release|Any CPU
		{D76F47AB-DCBF-4223-BF61-8650FECB5F2C}.Release|x86.ActiveCfg = Release|Any CPU
		{D76F47AB-DCBF-4223-BF61-8650FECB5F2C}.Release|x86.Build.0 = Release|Any CPU
		{E88AED45-C333-45E3-8C28-BBEC5BF0B340}.Debug|Any CPU.ActiveCfg = Debug|Any CPU
		{E88AED45-C333-45E3-8C28-BBEC5BF0B340}.Debug|Any CPU.Build.0 = Debug|Any CPU
		{E88AED45-C333-45E3-8C28-BBEC5BF0B340}.Debug|x64.ActiveCfg = Debug|Any CPU
		{E88AED45-C333-45E3-8C28-BBEC5BF0B340}.Debug|x64.Build.0 = Debug|Any CPU
		{E88AED45-C333-45E3-8C28-BBEC5BF0B340}.Debug|x86.ActiveCfg = Debug|Any CPU
		{E88AED45-C333-45E3-8C28-BBEC5BF0B340}.Debug|x86.Build.0 = Debug|Any CPU
		{E88AED45-C333-45E3-8C28-BBEC5BF0B340}.Release|Any CPU.ActiveCfg = Release|Any CPU
		{E88AED45-C333-45E3-8C28-BBEC5BF0B340}.Release|Any CPU.Build.0 = Release|Any CPU
		{E88AED45-C333-45E3-8C28-BBEC5BF0B340}.Release|x64.ActiveCfg = Release|Any CPU
		{E88AED45-C333-45E3-8C28-BBEC5BF0B340}.Release|x64.Build.0 = Release|Any CPU
		{E88AED45-C333-45E3-8C28-BBEC5BF0B340}.Release|x86.ActiveCfg = Release|Any CPU
		{E88AED45-C333-45E3-8C28-BBEC5BF0B340}.Release|x86.Build.0 = Release|Any CPU
		{F3799FAA-B999-45F7-AA05-C342FC1CC757}.Debug|Any CPU.ActiveCfg = Debug|Any CPU
		{F3799FAA-B999-45F7-AA05-C342FC1CC757}.Debug|Any CPU.Build.0 = Debug|Any CPU
		{F3799FAA-B999-45F7-AA05-C342FC1CC757}.Debug|x64.ActiveCfg = Debug|Any CPU
		{F3799FAA-B999-45F7-AA05-C342FC1CC757}.Debug|x64.Build.0 = Debug|Any CPU
		{F3799FAA-B999-45F7-AA05-C342FC1CC757}.Debug|x86.ActiveCfg = Debug|Any CPU
		{F3799FAA-B999-45F7-AA05-C342FC1CC757}.Debug|x86.Build.0 = Debug|Any CPU
		{F3799FAA-B999-45F7-AA05-C342FC1CC757}.Release|Any CPU.ActiveCfg = Release|Any CPU
		{F3799FAA-B999-45F7-AA05-C342FC1CC757}.Release|Any CPU.Build.0 = Release|Any CPU
		{F3799FAA-B999-45F7-AA05-C342FC1CC757}.Release|x64.ActiveCfg = Release|Any CPU
		{F3799FAA-B999-45F7-AA05-C342FC1CC757}.Release|x64.Build.0 = Release|Any CPU
		{F3799FAA-B999-45F7-AA05-C342FC1CC757}.Release|x86.ActiveCfg = Release|Any CPU
		{F3799FAA-B999-45F7-AA05-C342FC1CC757}.Release|x86.Build.0 = Release|Any CPU
		{56D686EA-9B7F-458C-AA2A-EB606E6D6F63}.Debug|Any CPU.ActiveCfg = Debug|Any CPU
		{56D686EA-9B7F-458C-AA2A-EB606E6D6F63}.Debug|Any CPU.Build.0 = Debug|Any CPU
		{56D686EA-9B7F-458C-AA2A-EB606E6D6F63}.Debug|x64.ActiveCfg = Debug|Any CPU
		{56D686EA-9B7F-458C-AA2A-EB606E6D6F63}.Debug|x64.Build.0 = Debug|Any CPU
		{56D686EA-9B7F-458C-AA2A-EB606E6D6F63}.Debug|x86.ActiveCfg = Debug|Any CPU
		{56D686EA-9B7F-458C-AA2A-EB606E6D6F63}.Debug|x86.Build.0 = Debug|Any CPU
		{56D686EA-9B7F-458C-AA2A-EB606E6D6F63}.Release|Any CPU.ActiveCfg = Release|Any CPU
		{56D686EA-9B7F-458C-AA2A-EB606E6D6F63}.Release|Any CPU.Build.0 = Release|Any CPU
		{56D686EA-9B7F-458C-AA2A-EB606E6D6F63}.Release|x64.ActiveCfg = Release|Any CPU
		{56D686EA-9B7F-458C-AA2A-EB606E6D6F63}.Release|x64.Build.0 = Release|Any CPU
		{56D686EA-9B7F-458C-AA2A-EB606E6D6F63}.Release|x86.ActiveCfg = Release|Any CPU
		{56D686EA-9B7F-458C-AA2A-EB606E6D6F63}.Release|x86.Build.0 = Release|Any CPU
		{D4429B8E-84AE-4E02-8625-296ACBD960F0}.Debug|Any CPU.ActiveCfg = Debug|Any CPU
		{D4429B8E-84AE-4E02-8625-296ACBD960F0}.Debug|Any CPU.Build.0 = Debug|Any CPU
		{D4429B8E-84AE-4E02-8625-296ACBD960F0}.Debug|x64.ActiveCfg = Debug|Any CPU
		{D4429B8E-84AE-4E02-8625-296ACBD960F0}.Debug|x64.Build.0 = Debug|Any CPU
		{D4429B8E-84AE-4E02-8625-296ACBD960F0}.Debug|x86.ActiveCfg = Debug|Any CPU
		{D4429B8E-84AE-4E02-8625-296ACBD960F0}.Debug|x86.Build.0 = Debug|Any CPU
		{D4429B8E-84AE-4E02-8625-296ACBD960F0}.Release|Any CPU.ActiveCfg = Release|Any CPU
		{D4429B8E-84AE-4E02-8625-296ACBD960F0}.Release|Any CPU.Build.0 = Release|Any CPU
		{D4429B8E-84AE-4E02-8625-296ACBD960F0}.Release|x64.ActiveCfg = Release|Any CPU
		{D4429B8E-84AE-4E02-8625-296ACBD960F0}.Release|x64.Build.0 = Release|Any CPU
		{D4429B8E-84AE-4E02-8625-296ACBD960F0}.Release|x86.ActiveCfg = Release|Any CPU
		{D4429B8E-84AE-4E02-8625-296ACBD960F0}.Release|x86.Build.0 = Release|Any CPU
		{B5D31EB7-FD8F-4000-875D-18B48C94579D}.Debug|Any CPU.ActiveCfg = Debug|Any CPU
		{B5D31EB7-FD8F-4000-875D-18B48C94579D}.Debug|Any CPU.Build.0 = Debug|Any CPU
		{B5D31EB7-FD8F-4000-875D-18B48C94579D}.Debug|x64.ActiveCfg = Debug|Any CPU
		{B5D31EB7-FD8F-4000-875D-18B48C94579D}.Debug|x64.Build.0 = Debug|Any CPU
		{B5D31EB7-FD8F-4000-875D-18B48C94579D}.Debug|x86.ActiveCfg = Debug|Any CPU
		{B5D31EB7-FD8F-4000-875D-18B48C94579D}.Debug|x86.Build.0 = Debug|Any CPU
		{B5D31EB7-FD8F-4000-875D-18B48C94579D}.Release|Any CPU.ActiveCfg = Release|Any CPU
		{B5D31EB7-FD8F-4000-875D-18B48C94579D}.Release|Any CPU.Build.0 = Release|Any CPU
		{B5D31EB7-FD8F-4000-875D-18B48C94579D}.Release|x64.ActiveCfg = Release|Any CPU
		{B5D31EB7-FD8F-4000-875D-18B48C94579D}.Release|x64.Build.0 = Release|Any CPU
		{B5D31EB7-FD8F-4000-875D-18B48C94579D}.Release|x86.ActiveCfg = Release|Any CPU
		{B5D31EB7-FD8F-4000-875D-18B48C94579D}.Release|x86.Build.0 = Release|Any CPU
		{9922640D-7054-4B26-9F4D-3461A11B7C62}.Debug|Any CPU.ActiveCfg = Debug|Any CPU
		{9922640D-7054-4B26-9F4D-3461A11B7C62}.Debug|Any CPU.Build.0 = Debug|Any CPU
		{9922640D-7054-4B26-9F4D-3461A11B7C62}.Debug|x64.ActiveCfg = Debug|Any CPU
		{9922640D-7054-4B26-9F4D-3461A11B7C62}.Debug|x64.Build.0 = Debug|Any CPU
		{9922640D-7054-4B26-9F4D-3461A11B7C62}.Debug|x86.ActiveCfg = Debug|Any CPU
		{9922640D-7054-4B26-9F4D-3461A11B7C62}.Debug|x86.Build.0 = Debug|Any CPU
		{9922640D-7054-4B26-9F4D-3461A11B7C62}.Release|Any CPU.ActiveCfg = Release|Any CPU
		{9922640D-7054-4B26-9F4D-3461A11B7C62}.Release|Any CPU.Build.0 = Release|Any CPU
		{9922640D-7054-4B26-9F4D-3461A11B7C62}.Release|x64.ActiveCfg = Release|Any CPU
		{9922640D-7054-4B26-9F4D-3461A11B7C62}.Release|x64.Build.0 = Release|Any CPU
		{9922640D-7054-4B26-9F4D-3461A11B7C62}.Release|x86.ActiveCfg = Release|Any CPU
		{9922640D-7054-4B26-9F4D-3461A11B7C62}.Release|x86.Build.0 = Release|Any CPU
		{B03BF44E-B207-4327-BE10-E4D4570F854D}.Debug|Any CPU.ActiveCfg = Debug|Any CPU
		{B03BF44E-B207-4327-BE10-E4D4570F854D}.Debug|Any CPU.Build.0 = Debug|Any CPU
		{B03BF44E-B207-4327-BE10-E4D4570F854D}.Debug|x64.ActiveCfg = Debug|Any CPU
		{B03BF44E-B207-4327-BE10-E4D4570F854D}.Debug|x64.Build.0 = Debug|Any CPU
		{B03BF44E-B207-4327-BE10-E4D4570F854D}.Debug|x86.ActiveCfg = Debug|Any CPU
		{B03BF44E-B207-4327-BE10-E4D4570F854D}.Debug|x86.Build.0 = Debug|Any CPU
		{B03BF44E-B207-4327-BE10-E4D4570F854D}.Release|Any CPU.ActiveCfg = Release|Any CPU
		{B03BF44E-B207-4327-BE10-E4D4570F854D}.Release|Any CPU.Build.0 = Release|Any CPU
		{B03BF44E-B207-4327-BE10-E4D4570F854D}.Release|x64.ActiveCfg = Release|Any CPU
		{B03BF44E-B207-4327-BE10-E4D4570F854D}.Release|x64.Build.0 = Release|Any CPU
		{B03BF44E-B207-4327-BE10-E4D4570F854D}.Release|x86.ActiveCfg = Release|Any CPU
		{B03BF44E-B207-4327-BE10-E4D4570F854D}.Release|x86.Build.0 = Release|Any CPU
		{343A5172-94AF-4BE5-AEBF-5212FA8B9E63}.Debug|Any CPU.ActiveCfg = Debug|Any CPU
		{343A5172-94AF-4BE5-AEBF-5212FA8B9E63}.Debug|Any CPU.Build.0 = Debug|Any CPU
		{343A5172-94AF-4BE5-AEBF-5212FA8B9E63}.Debug|x64.ActiveCfg = Debug|Any CPU
		{343A5172-94AF-4BE5-AEBF-5212FA8B9E63}.Debug|x64.Build.0 = Debug|Any CPU
		{343A5172-94AF-4BE5-AEBF-5212FA8B9E63}.Debug|x86.ActiveCfg = Debug|Any CPU
		{343A5172-94AF-4BE5-AEBF-5212FA8B9E63}.Debug|x86.Build.0 = Debug|Any CPU
		{343A5172-94AF-4BE5-AEBF-5212FA8B9E63}.Release|Any CPU.ActiveCfg = Release|Any CPU
		{343A5172-94AF-4BE5-AEBF-5212FA8B9E63}.Release|Any CPU.Build.0 = Release|Any CPU
		{343A5172-94AF-4BE5-AEBF-5212FA8B9E63}.Release|x64.ActiveCfg = Release|Any CPU
		{343A5172-94AF-4BE5-AEBF-5212FA8B9E63}.Release|x64.Build.0 = Release|Any CPU
		{343A5172-94AF-4BE5-AEBF-5212FA8B9E63}.Release|x86.ActiveCfg = Release|Any CPU
		{343A5172-94AF-4BE5-AEBF-5212FA8B9E63}.Release|x86.Build.0 = Release|Any CPU
		{70AD476D-5670-4E8C-9B61-43F07788708E}.Debug|Any CPU.ActiveCfg = Debug|Any CPU
		{70AD476D-5670-4E8C-9B61-43F07788708E}.Debug|Any CPU.Build.0 = Debug|Any CPU
		{70AD476D-5670-4E8C-9B61-43F07788708E}.Debug|x64.ActiveCfg = Debug|Any CPU
		{70AD476D-5670-4E8C-9B61-43F07788708E}.Debug|x64.Build.0 = Debug|Any CPU
		{70AD476D-5670-4E8C-9B61-43F07788708E}.Debug|x86.ActiveCfg = Debug|Any CPU
		{70AD476D-5670-4E8C-9B61-43F07788708E}.Debug|x86.Build.0 = Debug|Any CPU
		{70AD476D-5670-4E8C-9B61-43F07788708E}.Release|Any CPU.ActiveCfg = Release|Any CPU
		{70AD476D-5670-4E8C-9B61-43F07788708E}.Release|Any CPU.Build.0 = Release|Any CPU
		{70AD476D-5670-4E8C-9B61-43F07788708E}.Release|x64.ActiveCfg = Release|Any CPU
		{70AD476D-5670-4E8C-9B61-43F07788708E}.Release|x64.Build.0 = Release|Any CPU
		{70AD476D-5670-4E8C-9B61-43F07788708E}.Release|x86.ActiveCfg = Release|Any CPU
		{70AD476D-5670-4E8C-9B61-43F07788708E}.Release|x86.Build.0 = Release|Any CPU
		{E28C22AA-A70C-4495-B8DF-6E086352ECE3}.Debug|Any CPU.ActiveCfg = Debug|Any CPU
		{E28C22AA-A70C-4495-B8DF-6E086352ECE3}.Debug|Any CPU.Build.0 = Debug|Any CPU
		{E28C22AA-A70C-4495-B8DF-6E086352ECE3}.Debug|x64.ActiveCfg = Debug|Any CPU
		{E28C22AA-A70C-4495-B8DF-6E086352ECE3}.Debug|x64.Build.0 = Debug|Any CPU
		{E28C22AA-A70C-4495-B8DF-6E086352ECE3}.Debug|x86.ActiveCfg = Debug|Any CPU
		{E28C22AA-A70C-4495-B8DF-6E086352ECE3}.Debug|x86.Build.0 = Debug|Any CPU
		{E28C22AA-A70C-4495-B8DF-6E086352ECE3}.Release|Any CPU.ActiveCfg = Release|Any CPU
		{E28C22AA-A70C-4495-B8DF-6E086352ECE3}.Release|Any CPU.Build.0 = Release|Any CPU
		{E28C22AA-A70C-4495-B8DF-6E086352ECE3}.Release|x64.ActiveCfg = Release|Any CPU
		{E28C22AA-A70C-4495-B8DF-6E086352ECE3}.Release|x64.Build.0 = Release|Any CPU
		{E28C22AA-A70C-4495-B8DF-6E086352ECE3}.Release|x86.ActiveCfg = Release|Any CPU
		{E28C22AA-A70C-4495-B8DF-6E086352ECE3}.Release|x86.Build.0 = Release|Any CPU
		{2315D0AA-EA2E-4C6E-9A96-B28A4766B4FE}.Debug|Any CPU.ActiveCfg = Debug|Any CPU
		{2315D0AA-EA2E-4C6E-9A96-B28A4766B4FE}.Debug|Any CPU.Build.0 = Debug|Any CPU
		{2315D0AA-EA2E-4C6E-9A96-B28A4766B4FE}.Debug|x64.ActiveCfg = Debug|Any CPU
		{2315D0AA-EA2E-4C6E-9A96-B28A4766B4FE}.Debug|x64.Build.0 = Debug|Any CPU
		{2315D0AA-EA2E-4C6E-9A96-B28A4766B4FE}.Debug|x86.ActiveCfg = Debug|Any CPU
		{2315D0AA-EA2E-4C6E-9A96-B28A4766B4FE}.Debug|x86.Build.0 = Debug|Any CPU
		{2315D0AA-EA2E-4C6E-9A96-B28A4766B4FE}.Release|Any CPU.ActiveCfg = Release|Any CPU
		{2315D0AA-EA2E-4C6E-9A96-B28A4766B4FE}.Release|Any CPU.Build.0 = Release|Any CPU
		{2315D0AA-EA2E-4C6E-9A96-B28A4766B4FE}.Release|x64.ActiveCfg = Release|Any CPU
		{2315D0AA-EA2E-4C6E-9A96-B28A4766B4FE}.Release|x64.Build.0 = Release|Any CPU
		{2315D0AA-EA2E-4C6E-9A96-B28A4766B4FE}.Release|x86.ActiveCfg = Release|Any CPU
		{2315D0AA-EA2E-4C6E-9A96-B28A4766B4FE}.Release|x86.Build.0 = Release|Any CPU
		{393DEB0B-FCB7-41E9-AE44-F0073160DBD1}.Debug|Any CPU.ActiveCfg = Debug|Any CPU
		{393DEB0B-FCB7-41E9-AE44-F0073160DBD1}.Debug|Any CPU.Build.0 = Debug|Any CPU
		{393DEB0B-FCB7-41E9-AE44-F0073160DBD1}.Debug|x64.ActiveCfg = Debug|Any CPU
		{393DEB0B-FCB7-41E9-AE44-F0073160DBD1}.Debug|x64.Build.0 = Debug|Any CPU
		{393DEB0B-FCB7-41E9-AE44-F0073160DBD1}.Debug|x86.ActiveCfg = Debug|Any CPU
		{393DEB0B-FCB7-41E9-AE44-F0073160DBD1}.Debug|x86.Build.0 = Debug|Any CPU
		{393DEB0B-FCB7-41E9-AE44-F0073160DBD1}.Release|Any CPU.ActiveCfg = Release|Any CPU
		{393DEB0B-FCB7-41E9-AE44-F0073160DBD1}.Release|Any CPU.Build.0 = Release|Any CPU
		{393DEB0B-FCB7-41E9-AE44-F0073160DBD1}.Release|x64.ActiveCfg = Release|Any CPU
		{393DEB0B-FCB7-41E9-AE44-F0073160DBD1}.Release|x64.Build.0 = Release|Any CPU
		{393DEB0B-FCB7-41E9-AE44-F0073160DBD1}.Release|x86.ActiveCfg = Release|Any CPU
		{393DEB0B-FCB7-41E9-AE44-F0073160DBD1}.Release|x86.Build.0 = Release|Any CPU
		{392B059C-F26D-4F3C-92B2-E29F8C453205}.Debug|Any CPU.ActiveCfg = Debug|Any CPU
		{392B059C-F26D-4F3C-92B2-E29F8C453205}.Debug|Any CPU.Build.0 = Debug|Any CPU
		{392B059C-F26D-4F3C-92B2-E29F8C453205}.Debug|x64.ActiveCfg = Debug|Any CPU
		{392B059C-F26D-4F3C-92B2-E29F8C453205}.Debug|x64.Build.0 = Debug|Any CPU
		{392B059C-F26D-4F3C-92B2-E29F8C453205}.Debug|x86.ActiveCfg = Debug|Any CPU
		{392B059C-F26D-4F3C-92B2-E29F8C453205}.Debug|x86.Build.0 = Debug|Any CPU
		{392B059C-F26D-4F3C-92B2-E29F8C453205}.Release|Any CPU.ActiveCfg = Release|Any CPU
		{392B059C-F26D-4F3C-92B2-E29F8C453205}.Release|Any CPU.Build.0 = Release|Any CPU
		{392B059C-F26D-4F3C-92B2-E29F8C453205}.Release|x64.ActiveCfg = Release|Any CPU
		{392B059C-F26D-4F3C-92B2-E29F8C453205}.Release|x64.Build.0 = Release|Any CPU
		{392B059C-F26D-4F3C-92B2-E29F8C453205}.Release|x86.ActiveCfg = Release|Any CPU
		{392B059C-F26D-4F3C-92B2-E29F8C453205}.Release|x86.Build.0 = Release|Any CPU
		{3ED5C21F-7F8B-4AA4-8A71-5FB12797902F}.Debug|Any CPU.ActiveCfg = Debug|Any CPU
		{3ED5C21F-7F8B-4AA4-8A71-5FB12797902F}.Debug|Any CPU.Build.0 = Debug|Any CPU
		{3ED5C21F-7F8B-4AA4-8A71-5FB12797902F}.Debug|x64.ActiveCfg = Debug|Any CPU
		{3ED5C21F-7F8B-4AA4-8A71-5FB12797902F}.Debug|x64.Build.0 = Debug|Any CPU
		{3ED5C21F-7F8B-4AA4-8A71-5FB12797902F}.Debug|x86.ActiveCfg = Debug|Any CPU
		{3ED5C21F-7F8B-4AA4-8A71-5FB12797902F}.Debug|x86.Build.0 = Debug|Any CPU
		{3ED5C21F-7F8B-4AA4-8A71-5FB12797902F}.Release|Any CPU.ActiveCfg = Release|Any CPU
		{3ED5C21F-7F8B-4AA4-8A71-5FB12797902F}.Release|Any CPU.Build.0 = Release|Any CPU
		{3ED5C21F-7F8B-4AA4-8A71-5FB12797902F}.Release|x64.ActiveCfg = Release|Any CPU
		{3ED5C21F-7F8B-4AA4-8A71-5FB12797902F}.Release|x64.Build.0 = Release|Any CPU
		{3ED5C21F-7F8B-4AA4-8A71-5FB12797902F}.Release|x86.ActiveCfg = Release|Any CPU
		{3ED5C21F-7F8B-4AA4-8A71-5FB12797902F}.Release|x86.Build.0 = Release|Any CPU
		{0A5290A1-E42E-4677-BF09-B4AA141FD056}.Debug|Any CPU.ActiveCfg = Debug|Any CPU
		{0A5290A1-E42E-4677-BF09-B4AA141FD056}.Debug|Any CPU.Build.0 = Debug|Any CPU
		{0A5290A1-E42E-4677-BF09-B4AA141FD056}.Debug|x64.ActiveCfg = Debug|Any CPU
		{0A5290A1-E42E-4677-BF09-B4AA141FD056}.Debug|x64.Build.0 = Debug|Any CPU
		{0A5290A1-E42E-4677-BF09-B4AA141FD056}.Debug|x86.ActiveCfg = Debug|Any CPU
		{0A5290A1-E42E-4677-BF09-B4AA141FD056}.Debug|x86.Build.0 = Debug|Any CPU
		{0A5290A1-E42E-4677-BF09-B4AA141FD056}.Release|Any CPU.ActiveCfg = Release|Any CPU
		{0A5290A1-E42E-4677-BF09-B4AA141FD056}.Release|Any CPU.Build.0 = Release|Any CPU
		{0A5290A1-E42E-4677-BF09-B4AA141FD056}.Release|x64.ActiveCfg = Release|Any CPU
		{0A5290A1-E42E-4677-BF09-B4AA141FD056}.Release|x64.Build.0 = Release|Any CPU
		{0A5290A1-E42E-4677-BF09-B4AA141FD056}.Release|x86.ActiveCfg = Release|Any CPU
		{0A5290A1-E42E-4677-BF09-B4AA141FD056}.Release|x86.Build.0 = Release|Any CPU
		{A8EFED7B-6B5E-4A67-AA0C-C3937C735E3C}.Debug|Any CPU.ActiveCfg = Debug|Any CPU
		{A8EFED7B-6B5E-4A67-AA0C-C3937C735E3C}.Debug|Any CPU.Build.0 = Debug|Any CPU
		{A8EFED7B-6B5E-4A67-AA0C-C3937C735E3C}.Debug|x64.ActiveCfg = Debug|Any CPU
		{A8EFED7B-6B5E-4A67-AA0C-C3937C735E3C}.Debug|x64.Build.0 = Debug|Any CPU
		{A8EFED7B-6B5E-4A67-AA0C-C3937C735E3C}.Debug|x86.ActiveCfg = Debug|Any CPU
		{A8EFED7B-6B5E-4A67-AA0C-C3937C735E3C}.Debug|x86.Build.0 = Debug|Any CPU
		{A8EFED7B-6B5E-4A67-AA0C-C3937C735E3C}.Release|Any CPU.ActiveCfg = Release|Any CPU
		{A8EFED7B-6B5E-4A67-AA0C-C3937C735E3C}.Release|Any CPU.Build.0 = Release|Any CPU
		{A8EFED7B-6B5E-4A67-AA0C-C3937C735E3C}.Release|x64.ActiveCfg = Release|Any CPU
		{A8EFED7B-6B5E-4A67-AA0C-C3937C735E3C}.Release|x64.Build.0 = Release|Any CPU
		{A8EFED7B-6B5E-4A67-AA0C-C3937C735E3C}.Release|x86.ActiveCfg = Release|Any CPU
		{A8EFED7B-6B5E-4A67-AA0C-C3937C735E3C}.Release|x86.Build.0 = Release|Any CPU
	EndGlobalSection
	GlobalSection(SolutionProperties) = preSolution
		HideSolutionNode = FALSE
	EndGlobalSection
	GlobalSection(NestedProjects) = preSolution
		{8827BB8D-6BEE-4BDE-8781-56D498224CFD} = {3B92A21E-F75D-4750-9B0E-BBEBCDE8932A}
		{60F167EE-CCF7-4E5C-9E5D-CD753008089E} = {3B92A21E-F75D-4750-9B0E-BBEBCDE8932A}
		{69B7E74E-49FD-4EFB-B30F-20588DC06F42} = {3B92A21E-F75D-4750-9B0E-BBEBCDE8932A}
		{D30F2526-100C-4A74-9A06-8F98F5972866} = {3B92A21E-F75D-4750-9B0E-BBEBCDE8932A}
		{18026D63-5C02-432E-B9BF-C0A5426B6BF9} = {3B92A21E-F75D-4750-9B0E-BBEBCDE8932A}
		{ED3BD70D-21EB-4FEA-91F8-CCBD35B10CA8} = {3B92A21E-F75D-4750-9B0E-BBEBCDE8932A}
		{E698A27E-C4E7-463F-B176-3C64DB3F154A} = {3B92A21E-F75D-4750-9B0E-BBEBCDE8932A}
		{900D1250-85DA-4D97-942D-2E0E7A66B976} = {3B92A21E-F75D-4750-9B0E-BBEBCDE8932A}
		{0E4D88D7-8648-4C8D-8C76-1D5901D48431} = {3B92A21E-F75D-4750-9B0E-BBEBCDE8932A}
		{D183E43D-D7CF-4405-AC25-0E62ED43E8C2} = {3B92A21E-F75D-4750-9B0E-BBEBCDE8932A}
		{ABED645E-46E6-4289-A825-CC08F7FCE40D} = {3B92A21E-F75D-4750-9B0E-BBEBCDE8932A}
		{82CDD688-83DB-449F-BC45-180B7CA208A9} = {3B92A21E-F75D-4750-9B0E-BBEBCDE8932A}
		{45BDE137-2A63-40EA-971A-5A3C2D4CA187} = {AD9C0489-1F5C-A63C-EDC4-9804630F0C71}
		{A7CD79DF-7F78-4789-B4E3-59E932B35844} = {AD9C0489-1F5C-A63C-EDC4-9804630F0C71}
		{5876F91E-CA3F-4EC9-8196-E4703B5FD1C1} = {AD9C0489-1F5C-A63C-EDC4-9804630F0C71}
		{9E4B62AC-FB21-4472-B030-B7184C73AC71} = {AD9C0489-1F5C-A63C-EDC4-9804630F0C71}
		{CC29C5F6-0305-4C2E-B17F-E610CBB23215} = {AD9C0489-1F5C-A63C-EDC4-9804630F0C71}
		{D4614814-D2D2-4750-A2D7-C11DDC988B40} = {AD9C0489-1F5C-A63C-EDC4-9804630F0C71}
		{E2CEEEB7-49E1-48CD-B7AE-1C931A959BAB} = {AD9C0489-1F5C-A63C-EDC4-9804630F0C71}
		{0F2A94F0-C445-4B51-8A1A-EB5C0101FEED} = {AD9C0489-1F5C-A63C-EDC4-9804630F0C71}
		{700C0C59-C4C0-4D94-B135-866D45AC869A} = {AD9C0489-1F5C-A63C-EDC4-9804630F0C71}
		{4DD48783-CC8D-484D-A0B7-3B9CF440F4DE} = {AD9C0489-1F5C-A63C-EDC4-9804630F0C71}
		{738853BE-4D2E-4B48-9522-6F57CCC9E3D3} = {AD9C0489-1F5C-A63C-EDC4-9804630F0C71}
		{13328369-C474-46CF-BF54-9D42F97592BE} = {AD9C0489-1F5C-A63C-EDC4-9804630F0C71}
		{7D2B0F94-0C0B-467B-B90C-3C819440F9CB} = {AD9C0489-1F5C-A63C-EDC4-9804630F0C71}
		{7C017591-F633-411B-A071-13720C01A878} = {AD9C0489-1F5C-A63C-EDC4-9804630F0C71}
		{B2D1C7C3-FCBE-494E-985C-3DF63C8044E1} = {AD9C0489-1F5C-A63C-EDC4-9804630F0C71}
		{DE5E69D5-F627-413E-905A-DD96D6991A31} = {AD9C0489-1F5C-A63C-EDC4-9804630F0C71}
		{90DA7E1E-CB15-432F-A1DC-0D42D0509B7F} = {AD9C0489-1F5C-A63C-EDC4-9804630F0C71}
		{C7BAE572-11D6-43ED-8DF1-57BD72B37C31} = {AD9C0489-1F5C-A63C-EDC4-9804630F0C71}
		{0EEE2C35-34A3-4AEB-8EB8-FA58E48B97F3} = {AD9C0489-1F5C-A63C-EDC4-9804630F0C71}
		{DEC0C39E-08C6-44E7-8BA3-38D87C675EF2} = {AD9C0489-1F5C-A63C-EDC4-9804630F0C71}
		{2C7B41F0-8EA6-4A1F-96F3-D62F9083FC44} = {AD9C0489-1F5C-A63C-EDC4-9804630F0C71}
		{0B6A6400-B40B-42BF-8B17-82CF2B8A175C} = {AD9C0489-1F5C-A63C-EDC4-9804630F0C71}
		{D76F47AB-DCBF-4223-BF61-8650FECB5F2C} = {AD9C0489-1F5C-A63C-EDC4-9804630F0C71}
		{E88AED45-C333-45E3-8C28-BBEC5BF0B340} = {AD9C0489-1F5C-A63C-EDC4-9804630F0C71}
		{F3799FAA-B999-45F7-AA05-C342FC1CC757} = {AD9C0489-1F5C-A63C-EDC4-9804630F0C71}
		{56D686EA-9B7F-458C-AA2A-EB606E6D6F63} = {AD9C0489-1F5C-A63C-EDC4-9804630F0C71}
		{D4429B8E-84AE-4E02-8625-296ACBD960F0} = {AD9C0489-1F5C-A63C-EDC4-9804630F0C71}
		{B5D31EB7-FD8F-4000-875D-18B48C94579D} = {AD9C0489-1F5C-A63C-EDC4-9804630F0C71}
		{9922640D-7054-4B26-9F4D-3461A11B7C62} = {AD9C0489-1F5C-A63C-EDC4-9804630F0C71}
		{B03BF44E-B207-4327-BE10-E4D4570F854D} = {AD9C0489-1F5C-A63C-EDC4-9804630F0C71}
		{343A5172-94AF-4BE5-AEBF-5212FA8B9E63} = {AD9C0489-1F5C-A63C-EDC4-9804630F0C71}
		{70AD476D-5670-4E8C-9B61-43F07788708E} = {3B92A21E-F75D-4750-9B0E-BBEBCDE8932A}
		{E28C22AA-A70C-4495-B8DF-6E086352ECE3} = {AD9C0489-1F5C-A63C-EDC4-9804630F0C71}
		{2315D0AA-EA2E-4C6E-9A96-B28A4766B4FE} = {AD9C0489-1F5C-A63C-EDC4-9804630F0C71}
		{393DEB0B-FCB7-41E9-AE44-F0073160DBD1} = {AD9C0489-1F5C-A63C-EDC4-9804630F0C71}
		{392B059C-F26D-4F3C-92B2-E29F8C453205} = {AD9C0489-1F5C-A63C-EDC4-9804630F0C71}
		{3ED5C21F-7F8B-4AA4-8A71-5FB12797902F} = {6FB98118-D0CA-4944-436F-F1379A42DFAD}
		{0A5290A1-E42E-4677-BF09-B4AA141FD056} = {6FB98118-D0CA-4944-436F-F1379A42DFAD}
		{A8EFED7B-6B5E-4A67-AA0C-C3937C735E3C} = {6FB98118-D0CA-4944-436F-F1379A42DFAD}
	EndGlobalSection
EndGlobal
