
Microsoft Visual Studio Solution File, Format Version 12.00
# Visual Studio Version 17
VisualStudioVersion = 17.0.31903.59
MinimumVisualStudioVersion = 10.0.40219.1
Project("{2150E333-8FDC-42A3-9474-1A3956D46DE8}") = "src", "src", "{3B92A21E-F75D-4750-9B0E-BBEBCDE8932A}"
EndProject
Project("{FAE04EC0-301F-11D3-BF4B-00C04F79EFBC}") = "Sharpy.Cli", "src\Sharpy.Cli\Sharpy.Cli.csproj", "{8827BB8D-6BEE-4BDE-8781-56D498224CFD}"
EndProject
Project("{FAE04EC0-301F-11D3-BF4B-00C04F79EFBC}") = "Sharpy.Compiler.Tests", "src\Sharpy.Compiler.Tests\Sharpy.Compiler.Tests.csproj", "{60F167EE-CCF7-4E5C-9E5D-CD753008089E}"
EndProject
Project("{FAE04EC0-301F-11D3-BF4B-00C04F79EFBC}") = "Sharpy.Compiler", "src\Sharpy.Compiler\Sharpy.Compiler.csproj", "{69B7E74E-49FD-4EFB-B30F-20588DC06F42}"
EndProject
Project("{FAE04EC0-301F-11D3-BF4B-00C04F79EFBC}") = "Sharpy.Core.Tests", "src\Sharpy.Core.Tests\Sharpy.Core.Tests.csproj", "{D30F2526-100C-4A74-9A06-8F98F5972866}"
EndProject
Project("{FAE04EC0-301F-11D3-BF4B-00C04F79EFBC}") = "Sharpy.Core", "src\Sharpy.Core\Sharpy.Core.csproj", "{18026D63-5C02-432E-B9BF-C0A5426B6BF9}"
EndProject
Project("{FAE04EC0-301F-11D3-BF4B-00C04F79EFBC}") = "Sharpy.Compiler.Benchmarks", "src\Sharpy.Compiler.Benchmarks\Sharpy.Compiler.Benchmarks.csproj", "{ED3BD70D-21EB-4FEA-91F8-CCBD35B10CA8}"
EndProject
Project("{FAE04EC0-301F-11D3-BF4B-00C04F79EFBC}") = "Sharpy.Lsp", "src\Sharpy.Lsp\Sharpy.Lsp.csproj", "{E698A27E-C4E7-463F-B176-3C64DB3F154A}"
EndProject
Project("{FAE04EC0-301F-11D3-BF4B-00C04F79EFBC}") = "Sharpy.Lsp.Tests", "src\Sharpy.Lsp.Tests\Sharpy.Lsp.Tests.csproj", "{900D1250-85DA-4D97-942D-2E0E7A66B976}"
EndProject
Project("{FAE04EC0-301F-11D3-BF4B-00C04F79EFBC}") = "Sharpy.Playground", "src\Sharpy.Playground\Sharpy.Playground.csproj", "{0E4D88D7-8648-4C8D-8C76-1D5901D48431}"
EndProject
Project("{FAE04EC0-301F-11D3-BF4B-00C04F79EFBC}") = "Sharpy.Stdlib", "src\Sharpy.Stdlib\Sharpy.Stdlib.csproj", "{D183E43D-D7CF-4405-AC25-0E62ED43E8C2}"
EndProject
Global
	GlobalSection(SolutionConfigurationPlatforms) = preSolution
		Debug|Any CPU = Debug|Any CPU
		Debug|x64 = Debug|x64
		Debug|x86 = Debug|x86
		Release|Any CPU = Release|Any CPU
		Release|x64 = Release|x64
		Release|x86 = Release|x86
	EndGlobalSection
	GlobalSection(ProjectConfigurationPlatforms) = postSolution
		{8827BB8D-6BEE-4BDE-8781-56D498224CFD}.Debug|Any CPU.ActiveCfg = Debug|Any CPU
		{8827BB8D-6BEE-4BDE-8781-56D498224CFD}.Debug|Any CPU.Build.0 = Debug|Any CPU
		{8827BB8D-6BEE-4BDE-8781-56D498224CFD}.Debug|x64.ActiveCfg = Debug|Any CPU
		{8827BB8D-6BEE-4BDE-8781-56D498224CFD}.Debug|x64.Build.0 = Debug|Any CPU
		{8827BB8D-6BEE-4BDE-8781-56D498224CFD}.Debug|x86.ActiveCfg = Debug|Any CPU
		{8827BB8D-6BEE-4BDE-8781-56D498224CFD}.Debug|x86.Build.0 = Debug|Any CPU
		{8827BB8D-6BEE-4BDE-8781-56D498224CFD}.Release|Any CPU.ActiveCfg = Release|Any CPU
		{8827BB8D-6BEE-4BDE-8781-56D498224CFD}.Release|Any CPU.Build.0 = Release|Any CPU
		{8827BB8D-6BEE-4BDE-8781-56D498224CFD}.Release|x64.ActiveCfg = Release|Any CPU
		{8827BB8D-6BEE-4BDE-8781-56D498224CFD}.Release|x64.Build.0 = Release|Any CPU
		{8827BB8D-6BEE-4BDE-8781-56D498224CFD}.Release|x86.ActiveCfg = Release|Any CPU
		{8827BB8D-6BEE-4BDE-8781-56D498224CFD}.Release|x86.Build.0 = Release|Any CPU
		{60F167EE-CCF7-4E5C-9E5D-CD753008089E}.Debug|Any CPU.ActiveCfg = Debug|Any CPU
		{60F167EE-CCF7-4E5C-9E5D-CD753008089E}.Debug|Any CPU.Build.0 = Debug|Any CPU
		{60F167EE-CCF7-4E5C-9E5D-CD753008089E}.Debug|x64.ActiveCfg = Debug|Any CPU
		{60F167EE-CCF7-4E5C-9E5D-CD753008089E}.Debug|x64.Build.0 = Debug|Any CPU
		{60F167EE-CCF7-4E5C-9E5D-CD753008089E}.Debug|x86.ActiveCfg = Debug|Any CPU
		{60F167EE-CCF7-4E5C-9E5D-CD753008089E}.Debug|x86.Build.0 = Debug|Any CPU
		{60F167EE-CCF7-4E5C-9E5D-CD753008089E}.Release|Any CPU.ActiveCfg = Release|Any CPU
		{60F167EE-CCF7-4E5C-9E5D-CD753008089E}.Release|Any CPU.Build.0 = Release|Any CPU
		{60F167EE-CCF7-4E5C-9E5D-CD753008089E}.Release|x64.ActiveCfg = Release|Any CPU
		{60F167EE-CCF7-4E5C-9E5D-CD753008089E}.Release|x64.Build.0 = Release|Any CPU
		{60F167EE-CCF7-4E5C-9E5D-CD753008089E}.Release|x86.ActiveCfg = Release|Any CPU
		{60F167EE-CCF7-4E5C-9E5D-CD753008089E}.Release|x86.Build.0 = Release|Any CPU
		{69B7E74E-49FD-4EFB-B30F-20588DC06F42}.Debug|Any CPU.ActiveCfg = Debug|Any CPU
		{69B7E74E-49FD-4EFB-B30F-20588DC06F42}.Debug|Any CPU.Build.0 = Debug|Any CPU
		{69B7E74E-49FD-4EFB-B30F-20588DC06F42}.Debug|x64.ActiveCfg = Debug|Any CPU
		{69B7E74E-49FD-4EFB-B30F-20588DC06F42}.Debug|x64.Build.0 = Debug|Any CPU
		{69B7E74E-49FD-4EFB-B30F-20588DC06F42}.Debug|x86.ActiveCfg = Debug|Any CPU
		{69B7E74E-49FD-4EFB-B30F-20588DC06F42}.Debug|x86.Build.0 = Debug|Any CPU
		{69B7E74E-49FD-4EFB-B30F-20588DC06F42}.Release|Any CPU.ActiveCfg = Release|Any CPU
		{69B7E74E-49FD-4EFB-B30F-20588DC06F42}.Release|Any CPU.Build.0 = Release|Any CPU
		{69B7E74E-49FD-4EFB-B30F-20588DC06F42}.Release|x64.ActiveCfg = Release|Any CPU
		{69B7E74E-49FD-4EFB-B30F-20588DC06F42}.Release|x64.Build.0 = Release|Any CPU
		{69B7E74E-49FD-4EFB-B30F-20588DC06F42}.Release|x86.ActiveCfg = Release|Any CPU
		{69B7E74E-49FD-4EFB-B30F-20588DC06F42}.Release|x86.Build.0 = Release|Any CPU
		{D30F2526-100C-4A74-9A06-8F98F5972866}.Debug|Any CPU.ActiveCfg = Debug|Any CPU
		{D30F2526-100C-4A74-9A06-8F98F5972866}.Debug|Any CPU.Build.0 = Debug|Any CPU
		{D30F2526-100C-4A74-9A06-8F98F5972866}.Debug|x64.ActiveCfg = Debug|Any CPU
		{D30F2526-100C-4A74-9A06-8F98F5972866}.Debug|x64.Build.0 = Debug|Any CPU
		{D30F2526-100C-4A74-9A06-8F98F5972866}.Debug|x86.ActiveCfg = Debug|Any CPU
		{D30F2526-100C-4A74-9A06-8F98F5972866}.Debug|x86.Build.0 = Debug|Any CPU
		{D30F2526-100C-4A74-9A06-8F98F5972866}.Release|Any CPU.ActiveCfg = Release|Any CPU
		{D30F2526-100C-4A74-9A06-8F98F5972866}.Release|Any CPU.Build.0 = Release|Any CPU
		{D30F2526-100C-4A74-9A06-8F98F5972866}.Release|x64.ActiveCfg = Release|Any CPU
		{D30F2526-100C-4A74-9A06-8F98F5972866}.Release|x64.Build.0 = Release|Any CPU
		{D30F2526-100C-4A74-9A06-8F98F5972866}.Release|x86.ActiveCfg = Release|Any CPU
		{D30F2526-100C-4A74-9A06-8F98F5972866}.Release|x86.Build.0 = Release|Any CPU
		{18026D63-5C02-432E-B9BF-C0A5426B6BF9}.Debug|Any CPU.ActiveCfg = Debug|Any CPU
		{18026D63-5C02-432E-B9BF-C0A5426B6BF9}.Debug|Any CPU.Build.0 = Debug|Any CPU
		{18026D63-5C02-432E-B9BF-C0A5426B6BF9}.Debug|x64.ActiveCfg = Debug|Any CPU
		{18026D63-5C02-432E-B9BF-C0A5426B6BF9}.Debug|x64.Build.0 = Debug|Any CPU
		{18026D63-5C02-432E-B9BF-C0A5426B6BF9}.Debug|x86.ActiveCfg = Debug|Any CPU
		{18026D63-5C02-432E-B9BF-C0A5426B6BF9}.Debug|x86.Build.0 = Debug|Any CPU
		{18026D63-5C02-432E-B9BF-C0A5426B6BF9}.Release|Any CPU.ActiveCfg = Release|Any CPU
		{18026D63-5C02-432E-B9BF-C0A5426B6BF9}.Release|Any CPU.Build.0 = Release|Any CPU
		{18026D63-5C02-432E-B9BF-C0A5426B6BF9}.Release|x64.ActiveCfg = Release|Any CPU
		{18026D63-5C02-432E-B9BF-C0A5426B6BF9}.Release|x64.Build.0 = Release|Any CPU
		{18026D63-5C02-432E-B9BF-C0A5426B6BF9}.Release|x86.ActiveCfg = Release|Any CPU
		{18026D63-5C02-432E-B9BF-C0A5426B6BF9}.Release|x86.Build.0 = Release|Any CPU
		{ED3BD70D-21EB-4FEA-91F8-CCBD35B10CA8}.Debug|Any CPU.ActiveCfg = Debug|Any CPU
		{ED3BD70D-21EB-4FEA-91F8-CCBD35B10CA8}.Debug|Any CPU.Build.0 = Debug|Any CPU
		{ED3BD70D-21EB-4FEA-91F8-CCBD35B10CA8}.Debug|x64.ActiveCfg = Debug|Any CPU
		{ED3BD70D-21EB-4FEA-91F8-CCBD35B10CA8}.Debug|x64.Build.0 = Debug|Any CPU
		{ED3BD70D-21EB-4FEA-91F8-CCBD35B10CA8}.Debug|x86.ActiveCfg = Debug|Any CPU
		{ED3BD70D-21EB-4FEA-91F8-CCBD35B10CA8}.Debug|x86.Build.0 = Debug|Any CPU
		{ED3BD70D-21EB-4FEA-91F8-CCBD35B10CA8}.Release|Any CPU.ActiveCfg = Release|Any CPU
		{ED3BD70D-21EB-4FEA-91F8-CCBD35B10CA8}.Release|Any CPU.Build.0 = Release|Any CPU
		{ED3BD70D-21EB-4FEA-91F8-CCBD35B10CA8}.Release|x64.ActiveCfg = Release|Any CPU
		{ED3BD70D-21EB-4FEA-91F8-CCBD35B10CA8}.Release|x64.Build.0 = Release|Any CPU
		{ED3BD70D-21EB-4FEA-91F8-CCBD35B10CA8}.Release|x86.ActiveCfg = Release|Any CPU
		{ED3BD70D-21EB-4FEA-91F8-CCBD35B10CA8}.Release|x86.Build.0 = Release|Any CPU
		{E698A27E-C4E7-463F-B176-3C64DB3F154A}.Debug|Any CPU.ActiveCfg = Debug|Any CPU
		{E698A27E-C4E7-463F-B176-3C64DB3F154A}.Debug|Any CPU.Build.0 = Debug|Any CPU
		{E698A27E-C4E7-463F-B176-3C64DB3F154A}.Debug|x64.ActiveCfg = Debug|Any CPU
		{E698A27E-C4E7-463F-B176-3C64DB3F154A}.Debug|x64.Build.0 = Debug|Any CPU
		{E698A27E-C4E7-463F-B176-3C64DB3F154A}.Debug|x86.ActiveCfg = Debug|Any CPU
		{E698A27E-C4E7-463F-B176-3C64DB3F154A}.Debug|x86.Build.0 = Debug|Any CPU
		{E698A27E-C4E7-463F-B176-3C64DB3F154A}.Release|Any CPU.ActiveCfg = Release|Any CPU
		{E698A27E-C4E7-463F-B176-3C64DB3F154A}.Release|Any CPU.Build.0 = Release|Any CPU
		{E698A27E-C4E7-463F-B176-3C64DB3F154A}.Release|x64.ActiveCfg = Release|Any CPU
		{E698A27E-C4E7-463F-B176-3C64DB3F154A}.Release|x64.Build.0 = Release|Any CPU
		{E698A27E-C4E7-463F-B176-3C64DB3F154A}.Release|x86.ActiveCfg = Release|Any CPU
		{E698A27E-C4E7-463F-B176-3C64DB3F154A}.Release|x86.Build.0 = Release|Any CPU
		{900D1250-85DA-4D97-942D-2E0E7A66B976}.Debug|Any CPU.ActiveCfg = Debug|Any CPU
		{900D1250-85DA-4D97-942D-2E0E7A66B976}.Debug|Any CPU.Build.0 = Debug|Any CPU
		{900D1250-85DA-4D97-942D-2E0E7A66B976}.Debug|x64.ActiveCfg = Debug|Any CPU
		{900D1250-85DA-4D97-942D-2E0E7A66B976}.Debug|x64.Build.0 = Debug|Any CPU
		{900D1250-85DA-4D97-942D-2E0E7A66B976}.Debug|x86.ActiveCfg = Debug|Any CPU
		{900D1250-85DA-4D97-942D-2E0E7A66B976}.Debug|x86.Build.0 = Debug|Any CPU
		{900D1250-85DA-4D97-942D-2E0E7A66B976}.Release|Any CPU.ActiveCfg = Release|Any CPU
		{900D1250-85DA-4D97-942D-2E0E7A66B976}.Release|Any CPU.Build.0 = Release|Any CPU
		{900D1250-85DA-4D97-942D-2E0E7A66B976}.Release|x64.ActiveCfg = Release|Any CPU
		{900D1250-85DA-4D97-942D-2E0E7A66B976}.Release|x64.Build.0 = Release|Any CPU
		{900D1250-85DA-4D97-942D-2E0E7A66B976}.Release|x86.ActiveCfg = Release|Any CPU
		{900D1250-85DA-4D97-942D-2E0E7A66B976}.Release|x86.Build.0 = Release|Any CPU
		{0E4D88D7-8648-4C8D-8C76-1D5901D48431}.Debug|Any CPU.ActiveCfg = Debug|Any CPU
		{0E4D88D7-8648-4C8D-8C76-1D5901D48431}.Debug|Any CPU.Build.0 = Debug|Any CPU
		{0E4D88D7-8648-4C8D-8C76-1D5901D48431}.Debug|x64.ActiveCfg = Debug|Any CPU
		{0E4D88D7-8648-4C8D-8C76-1D5901D48431}.Debug|x64.Build.0 = Debug|Any CPU
		{0E4D88D7-8648-4C8D-8C76-1D5901D48431}.Debug|x86.ActiveCfg = Debug|Any CPU
		{0E4D88D7-8648-4C8D-8C76-1D5901D48431}.Debug|x86.Build.0 = Debug|Any CPU
		{0E4D88D7-8648-4C8D-8C76-1D5901D48431}.Release|Any CPU.ActiveCfg = Release|Any CPU
		{0E4D88D7-8648-4C8D-8C76-1D5901D48431}.Release|Any CPU.Build.0 = Release|Any CPU
		{0E4D88D7-8648-4C8D-8C76-1D5901D48431}.Release|x64.ActiveCfg = Release|Any CPU
		{0E4D88D7-8648-4C8D-8C76-1D5901D48431}.Release|x64.Build.0 = Release|Any CPU
		{0E4D88D7-8648-4C8D-8C76-1D5901D48431}.Release|x86.ActiveCfg = Release|Any CPU
		{0E4D88D7-8648-4C8D-8C76-1D5901D48431}.Release|x86.Build.0 = Release|Any CPU
		{D183E43D-D7CF-4405-AC25-0E62ED43E8C2}.Debug|Any CPU.ActiveCfg = Debug|Any CPU
		{D183E43D-D7CF-4405-AC25-0E62ED43E8C2}.Debug|Any CPU.Build.0 = Debug|Any CPU
		{D183E43D-D7CF-4405-AC25-0E62ED43E8C2}.Debug|x64.ActiveCfg = Debug|Any CPU
		{D183E43D-D7CF-4405-AC25-0E62ED43E8C2}.Debug|x64.Build.0 = Debug|Any CPU
		{D183E43D-D7CF-4405-AC25-0E62ED43E8C2}.Debug|x86.ActiveCfg = Debug|Any CPU
		{D183E43D-D7CF-4405-AC25-0E62ED43E8C2}.Debug|x86.Build.0 = Debug|Any CPU
		{D183E43D-D7CF-4405-AC25-0E62ED43E8C2}.Release|Any CPU.ActiveCfg = Release|Any CPU
		{D183E43D-D7CF-4405-AC25-0E62ED43E8C2}.Release|Any CPU.Build.0 = Release|Any CPU
		{D183E43D-D7CF-4405-AC25-0E62ED43E8C2}.Release|x64.ActiveCfg = Release|Any CPU
		{D183E43D-D7CF-4405-AC25-0E62ED43E8C2}.Release|x64.Build.0 = Release|Any CPU
		{D183E43D-D7CF-4405-AC25-0E62ED43E8C2}.Release|x86.ActiveCfg = Release|Any CPU
		{D183E43D-D7CF-4405-AC25-0E62ED43E8C2}.Release|x86.Build.0 = Release|Any CPU
	EndGlobalSection
	GlobalSection(SolutionProperties) = preSolution
		HideSolutionNode = FALSE
	EndGlobalSection
	GlobalSection(NestedProjects) = preSolution
		{8827BB8D-6BEE-4BDE-8781-56D498224CFD} = {3B92A21E-F75D-4750-9B0E-BBEBCDE8932A}
		{60F167EE-CCF7-4E5C-9E5D-CD753008089E} = {3B92A21E-F75D-4750-9B0E-BBEBCDE8932A}
		{69B7E74E-49FD-4EFB-B30F-20588DC06F42} = {3B92A21E-F75D-4750-9B0E-BBEBCDE8932A}
		{D30F2526-100C-4A74-9A06-8F98F5972866} = {3B92A21E-F75D-4750-9B0E-BBEBCDE8932A}
		{18026D63-5C02-432E-B9BF-C0A5426B6BF9} = {3B92A21E-F75D-4750-9B0E-BBEBCDE8932A}
		{ED3BD70D-21EB-4FEA-91F8-CCBD35B10CA8} = {3B92A21E-F75D-4750-9B0E-BBEBCDE8932A}
		{E698A27E-C4E7-463F-B176-3C64DB3F154A} = {3B92A21E-F75D-4750-9B0E-BBEBCDE8932A}
		{900D1250-85DA-4D97-942D-2E0E7A66B976} = {3B92A21E-F75D-4750-9B0E-BBEBCDE8932A}
		{0E4D88D7-8648-4C8D-8C76-1D5901D48431} = {3B92A21E-F75D-4750-9B0E-BBEBCDE8932A}
		{D183E43D-D7CF-4405-AC25-0E62ED43E8C2} = {3B92A21E-F75D-4750-9B0E-BBEBCDE8932A}
	EndGlobalSection
EndGlobal
